{
  "version": 4,
  "terraform_version": "1.3.3",
  "serial": 381,
  "lineage": "f3370cfe-e765-615f-88f3-f5cc942780a7",
  "outputs": {},
  "resources": [
    {
      "mode": "data",
      "type": "azurerm_subnet",
      "name": "GatewaySubnet",
      "provider": "provider[\"registry.terraform.io/hashicorp/azurerm\"]",
      "instances": [
        {
          "schema_version": 0,
          "attributes": {
            "address_prefix": "172.21.0.0/26",
            "address_prefixes": [
              "172.21.0.0/26"
            ],
            "enforce_private_link_endpoint_network_policies": false,
            "enforce_private_link_service_network_policies": false,
            "id": "/subscriptions/773c2382-4ca2-4547-8889-14bd1d86df9d/resourceGroups/rg-prod-cac-vnet-hub/providers/Microsoft.Network/virtualNetworks/Vnet-prod-cac-az-hub/subnets/GatewaySubnet",
            "name": "GatewaySubnet",
            "network_security_group_id": "",
            "resource_group_name": "rg-prod-cac-vnet-hub",
            "route_table_id": "",
            "service_endpoints": [],
            "timeouts": null,
            "virtual_network_name": "Vnet-prod-cac-az-hub"
          },
          "sensitive_attributes": []
        }
      ]
    },
    {
      "mode": "data",
      "type": "azurerm_subnet",
      "name": "dc_subnet",
      "provider": "provider[\"registry.terraform.io/hashicorp/azurerm\"]",
      "instances": [
        {
          "schema_version": 0,
          "attributes": {
            "address_prefix": "172.21.0.128/26",
            "address_prefixes": [
              "172.21.0.128/26"
            ],
            "enforce_private_link_endpoint_network_policies": false,
            "enforce_private_link_service_network_policies": false,
            "id": "/subscriptions/773c2382-4ca2-4547-8889-14bd1d86df9d/resourceGroups/rg-prod-cac-vnet-hub/providers/Microsoft.Network/virtualNetworks/Vnet-prod-cac-az-hub/subnets/snet-dc-prod-cac-az",
            "name": "snet-dc-prod-cac-az",
            "network_security_group_id": "/subscriptions/773c2382-4ca2-4547-8889-14bd1d86df9d/resourceGroups/rg-prod-cac-vnet-hub/providers/Microsoft.Network/networkSecurityGroups/NSG_snet-dc-prod-cac-az",
            "resource_group_name": "rg-prod-cac-vnet-hub",
            "route_table_id": "",
            "service_endpoints": [],
            "timeouts": null,
            "virtual_network_name": "Vnet-prod-cac-az-hub"
          },
          "sensitive_attributes": []
        }
      ]
    },
    {
      "mode": "managed",
      "type": "azurerm_resource_group",
      "name": "additional_rgs",
      "provider": "provider[\"registry.terraform.io/hashicorp/azurerm\"]",
      "instances": [
        {
          "index_key": "rg-prod-cac-sql",
          "schema_version": 0,
          "attributes": {
            "id": "/subscriptions/773c2382-4ca2-4547-8889-14bd1d86df9d/resourceGroups/rg-prod-cac-sql",
            "location": "canadacentral",
            "name": "rg-prod-cac-sql",
            "tags": null,
            "timeouts": null
          },
          "sensitive_attributes": [],
          "private": "eyJlMmJmYjczMC1lY2FhLTExZTYtOGY4OC0zNDM2M2JjN2M0YzAiOnsiY3JlYXRlIjo1NDAwMDAwMDAwMDAwLCJkZWxldGUiOjU0MDAwMDAwMDAwMDAsInJlYWQiOjMwMDAwMDAwMDAwMCwidXBkYXRlIjo1NDAwMDAwMDAwMDAwfX0="
        },
        {
          "index_key": "rg-prod-cac-web",
          "schema_version": 0,
          "attributes": {
            "id": "/subscriptions/773c2382-4ca2-4547-8889-14bd1d86df9d/resourceGroups/rg-prod-cac-web",
            "location": "canadacentral",
            "name": "rg-prod-cac-web",
            "tags": null,
            "timeouts": null
          },
          "sensitive_attributes": [],
          "private": "eyJlMmJmYjczMC1lY2FhLTExZTYtOGY4OC0zNDM2M2JjN2M0YzAiOnsiY3JlYXRlIjo1NDAwMDAwMDAwMDAwLCJkZWxldGUiOjU0MDAwMDAwMDAwMDAsInJlYWQiOjMwMDAwMDAwMDAwMCwidXBkYXRlIjo1NDAwMDAwMDAwMDAwfX0="
        }
      ]
    },
    {
      "module": "module.Policies",
      "mode": "data",
      "type": "azurerm_subscription",
      "name": "current",
      "provider": "provider[\"registry.terraform.io/hashicorp/azurerm\"]",
      "instances": [
        {
          "schema_version": 0,
          "attributes": {
            "display_name": "Pay-As-You-Go",
            "id": "/subscriptions/773c2382-4ca2-4547-8889-14bd1d86df9d",
            "location_placement_id": "Public_2014-09-01",
            "quota_id": "PayAsYouGo_2014-09-01",
            "spending_limit": "Off",
            "state": "Enabled",
            "subscription_id": "773c2382-4ca2-4547-8889-14bd1d86df9d",
            "tags": {},
            "tenant_id": "5a86393a-60e9-4ac7-ae4d-e7a3494a1e27",
            "timeouts": null
          },
          "sensitive_attributes": []
        }
      ]
    },
    {
      "module": "module.Policies",
      "mode": "managed",
      "type": "azurerm_policy_assignment",
      "name": "RGInheritTags",
      "provider": "provider[\"registry.terraform.io/hashicorp/azurerm\"]",
      "instances": [
        {
          "index_key": "AppOwner",
          "schema_version": 0,
          "attributes": {
            "description": "",
            "display_name": "Inherit the AppOwner tag to all Resources in a Resource group",
            "enforcement_mode": true,
            "id": "/subscriptions/773c2382-4ca2-4547-8889-14bd1d86df9d/providers/Microsoft.Authorization/policyAssignments/Inherit_AppOwner_tag",
            "identity": [
              {
                "principal_id": "fe4d7cbd-134c-4abe-bb1f-49808dc54436",
                "tenant_id": "5a86393a-60e9-4ac7-ae4d-e7a3494a1e27",
                "type": "SystemAssigned"
              }
            ],
            "location": "canadacentral",
            "metadata": "{\"createdBy\":\"6967fc77-8b03-445e-acdd-45d31bfaac25\",\"createdOn\":\"2022-11-09T02:57:25.2321745Z\",\"updatedBy\":null,\"updatedOn\":null}",
            "name": "Inherit_AppOwner_tag",
            "not_scopes": null,
            "parameters": "{\"tagName\":{\"value\":\"AppOwner\"}}",
            "policy_definition_id": "/providers/Microsoft.Authorization/policyDefinitions/ea3f2387-9b95-492a-a190-fcdc54f7b070",
            "scope": "/subscriptions/773c2382-4ca2-4547-8889-14bd1d86df9d",
            "timeouts": null
          },
          "sensitive_attributes": [],
          "private": "eyJlMmJmYjczMC1lY2FhLTExZTYtOGY4OC0zNDM2M2JjN2M0YzAiOnsiY3JlYXRlIjoxODAwMDAwMDAwMDAwLCJkZWxldGUiOjE4MDAwMDAwMDAwMDAsInJlYWQiOjMwMDAwMDAwMDAwMCwidXBkYXRlIjoxODAwMDAwMDAwMDAwfX0=",
          "dependencies": [
            "module.Policies.data.azurerm_subscription.current"
          ]
        },
        {
          "index_key": "Backup",
          "schema_version": 0,
          "attributes": {
            "description": "",
            "display_name": "Inherit the Backup tag to all Resources in a Resource group",
            "enforcement_mode": true,
            "id": "/subscriptions/773c2382-4ca2-4547-8889-14bd1d86df9d/providers/Microsoft.Authorization/policyAssignments/Inherit_Backup_tag",
            "identity": [
              {
                "principal_id": "608b1977-12ef-4dc1-9989-7c72df0eb801",
                "tenant_id": "5a86393a-60e9-4ac7-ae4d-e7a3494a1e27",
                "type": "SystemAssigned"
              }
            ],
            "location": "canadacentral",
            "metadata": "{\"createdBy\":\"6967fc77-8b03-445e-acdd-45d31bfaac25\",\"createdOn\":\"2022-11-09T02:57:24.6838105Z\",\"updatedBy\":null,\"updatedOn\":null}",
            "name": "Inherit_Backup_tag",
            "not_scopes": null,
            "parameters": "{\"tagName\":{\"value\":\"Backup\"}}",
            "policy_definition_id": "/providers/Microsoft.Authorization/policyDefinitions/ea3f2387-9b95-492a-a190-fcdc54f7b070",
            "scope": "/subscriptions/773c2382-4ca2-4547-8889-14bd1d86df9d",
            "timeouts": null
          },
          "sensitive_attributes": [],
          "private": "eyJlMmJmYjczMC1lY2FhLTExZTYtOGY4OC0zNDM2M2JjN2M0YzAiOnsiY3JlYXRlIjoxODAwMDAwMDAwMDAwLCJkZWxldGUiOjE4MDAwMDAwMDAwMDAsInJlYWQiOjMwMDAwMDAwMDAwMCwidXBkYXRlIjoxODAwMDAwMDAwMDAwfX0=",
          "dependencies": [
            "module.Policies.data.azurerm_subscription.current"
          ]
        },
        {
          "index_key": "Env",
          "schema_version": 0,
          "attributes": {
            "description": "",
            "display_name": "Inherit the Env tag to all Resources in a Resource group",
            "enforcement_mode": true,
            "id": "/subscriptions/773c2382-4ca2-4547-8889-14bd1d86df9d/providers/Microsoft.Authorization/policyAssignments/Inherit_Env_tag",
            "identity": [
              {
                "principal_id": "ccc60e23-03b8-41b6-b5a7-8705d8561614",
                "tenant_id": "5a86393a-60e9-4ac7-ae4d-e7a3494a1e27",
                "type": "SystemAssigned"
              }
            ],
            "location": "canadacentral",
            "metadata": "{\"createdBy\":\"6967fc77-8b03-445e-acdd-45d31bfaac25\",\"createdOn\":\"2022-11-09T02:57:24.907127Z\",\"updatedBy\":null,\"updatedOn\":null}",
            "name": "Inherit_Env_tag",
            "not_scopes": null,
            "parameters": "{\"tagName\":{\"value\":\"Env\"}}",
            "policy_definition_id": "/providers/Microsoft.Authorization/policyDefinitions/ea3f2387-9b95-492a-a190-fcdc54f7b070",
            "scope": "/subscriptions/773c2382-4ca2-4547-8889-14bd1d86df9d",
            "timeouts": null
          },
          "sensitive_attributes": [],
          "private": "eyJlMmJmYjczMC1lY2FhLTExZTYtOGY4OC0zNDM2M2JjN2M0YzAiOnsiY3JlYXRlIjoxODAwMDAwMDAwMDAwLCJkZWxldGUiOjE4MDAwMDAwMDAwMDAsInJlYWQiOjMwMDAwMDAwMDAwMCwidXBkYXRlIjoxODAwMDAwMDAwMDAwfX0=",
          "dependencies": [
            "module.Policies.data.azurerm_subscription.current"
          ]
        },
        {
          "index_key": "Schedule",
          "schema_version": 0,
          "attributes": {
            "description": "",
            "display_name": "Inherit the Schedule tag to all Resources in a Resource group",
            "enforcement_mode": true,
            "id": "/subscriptions/773c2382-4ca2-4547-8889-14bd1d86df9d/providers/Microsoft.Authorization/policyAssignments/Inherit_Schedule_tag",
            "identity": [
              {
                "principal_id": "3e0173fb-9fdb-408c-b14c-e51103a41efc",
                "tenant_id": "5a86393a-60e9-4ac7-ae4d-e7a3494a1e27",
                "type": "SystemAssigned"
              }
            ],
            "location": "canadacentral",
            "metadata": "{\"createdBy\":\"6967fc77-8b03-445e-acdd-45d31bfaac25\",\"createdOn\":\"2022-11-09T02:55:53.9341611Z\",\"updatedBy\":null,\"updatedOn\":null}",
            "name": "Inherit_Schedule_tag",
            "not_scopes": null,
            "parameters": "{\"tagName\":{\"value\":\"Schedule\"}}",
            "policy_definition_id": "/providers/Microsoft.Authorization/policyDefinitions/ea3f2387-9b95-492a-a190-fcdc54f7b070",
            "scope": "/subscriptions/773c2382-4ca2-4547-8889-14bd1d86df9d",
            "timeouts": null
          },
          "sensitive_attributes": [],
          "private": "eyJlMmJmYjczMC1lY2FhLTExZTYtOGY4OC0zNDM2M2JjN2M0YzAiOnsiY3JlYXRlIjoxODAwMDAwMDAwMDAwLCJkZWxldGUiOjE4MDAwMDAwMDAwMDAsInJlYWQiOjMwMDAwMDAwMDAwMCwidXBkYXRlIjoxODAwMDAwMDAwMDAwfX0=",
          "dependencies": [
            "module.Policies.data.azurerm_subscription.current"
          ]
        }
      ]
    },
    {
      "module": "module.Policies",
      "mode": "managed",
      "type": "azurerm_policy_assignment",
      "name": "RGRequireTags",
      "provider": "provider[\"registry.terraform.io/hashicorp/azurerm\"]",
      "instances": [
        {
          "index_key": "AppOwner",
          "schema_version": 0,
          "attributes": {
            "description": "",
            "display_name": "Add the AppOwner tag to all Resource groups",
            "enforcement_mode": true,
            "id": "/subscriptions/773c2382-4ca2-4547-8889-14bd1d86df9d/providers/Microsoft.Authorization/policyAssignments/add_AppOwner_tag",
            "identity": [
              {
                "principal_id": "55f4523f-86b2-441b-8399-0861f2810f41",
                "tenant_id": "5a86393a-60e9-4ac7-ae4d-e7a3494a1e27",
                "type": "SystemAssigned"
              }
            ],
            "location": "canadacentral",
            "metadata": "{\"createdBy\":\"6967fc77-8b03-445e-acdd-45d31bfaac25\",\"createdOn\":\"2022-11-09T02:57:25.9528785Z\",\"updatedBy\":null,\"updatedOn\":null}",
            "name": "add_AppOwner_tag",
            "not_scopes": null,
            "parameters": "{\"tagName\":{\"value\":\"AppOwner\"},\"tagValue\":{\"value\":\"IT\"}}",
            "policy_definition_id": "/providers/Microsoft.Authorization/policyDefinitions/726aca4c-86e9-4b04-b0c5-073027359532",
            "scope": "/subscriptions/773c2382-4ca2-4547-8889-14bd1d86df9d",
            "timeouts": null
          },
          "sensitive_attributes": [],
          "private": "eyJlMmJmYjczMC1lY2FhLTExZTYtOGY4OC0zNDM2M2JjN2M0YzAiOnsiY3JlYXRlIjoxODAwMDAwMDAwMDAwLCJkZWxldGUiOjE4MDAwMDAwMDAwMDAsInJlYWQiOjMwMDAwMDAwMDAwMCwidXBkYXRlIjoxODAwMDAwMDAwMDAwfX0=",
          "dependencies": [
            "module.Policies.data.azurerm_subscription.current"
          ]
        },
        {
          "index_key": "Application",
          "schema_version": 0,
          "attributes": {
            "description": "",
            "display_name": "Add the Application tag to all Resource groups",
            "enforcement_mode": true,
            "id": "/subscriptions/773c2382-4ca2-4547-8889-14bd1d86df9d/providers/Microsoft.Authorization/policyAssignments/add_Application_tag",
            "identity": [
              {
                "principal_id": "6d294fe2-8833-4fac-8944-2ee4baa416af",
                "tenant_id": "5a86393a-60e9-4ac7-ae4d-e7a3494a1e27",
                "type": "SystemAssigned"
              }
            ],
            "location": "canadacentral",
            "metadata": "{\"createdBy\":\"6967fc77-8b03-445e-acdd-45d31bfaac25\",\"createdOn\":\"2022-11-09T02:57:25.8444409Z\",\"updatedBy\":null,\"updatedOn\":null}",
            "name": "add_Application_tag",
            "not_scopes": null,
            "parameters": "{\"tagName\":{\"value\":\"Application\"},\"tagValue\":{\"value\":\"DC\"}}",
            "policy_definition_id": "/providers/Microsoft.Authorization/policyDefinitions/726aca4c-86e9-4b04-b0c5-073027359532",
            "scope": "/subscriptions/773c2382-4ca2-4547-8889-14bd1d86df9d",
            "timeouts": null
          },
          "sensitive_attributes": [],
          "private": "eyJlMmJmYjczMC1lY2FhLTExZTYtOGY4OC0zNDM2M2JjN2M0YzAiOnsiY3JlYXRlIjoxODAwMDAwMDAwMDAwLCJkZWxldGUiOjE4MDAwMDAwMDAwMDAsInJlYWQiOjMwMDAwMDAwMDAwMCwidXBkYXRlIjoxODAwMDAwMDAwMDAwfX0=",
          "dependencies": [
            "module.Policies.data.azurerm_subscription.current"
          ]
        },
        {
          "index_key": "Backup",
          "schema_version": 0,
          "attributes": {
            "description": "",
            "display_name": "Add the Backup tag to all Resource groups",
            "enforcement_mode": true,
            "id": "/subscriptions/773c2382-4ca2-4547-8889-14bd1d86df9d/providers/Microsoft.Authorization/policyAssignments/add_Backup_tag",
            "identity": [
              {
                "principal_id": "74674fa3-ef9a-44aa-bad5-7b5592888e31",
                "tenant_id": "5a86393a-60e9-4ac7-ae4d-e7a3494a1e27",
                "type": "SystemAssigned"
              }
            ],
            "location": "canadacentral",
            "metadata": "{\"createdBy\":\"6967fc77-8b03-445e-acdd-45d31bfaac25\",\"createdOn\":\"2022-11-09T02:57:26.5578859Z\",\"updatedBy\":null,\"updatedOn\":null}",
            "name": "add_Backup_tag",
            "not_scopes": null,
            "parameters": "{\"tagName\":{\"value\":\"Backup\"},\"tagValue\":{\"value\":\"yes\"}}",
            "policy_definition_id": "/providers/Microsoft.Authorization/policyDefinitions/726aca4c-86e9-4b04-b0c5-073027359532",
            "scope": "/subscriptions/773c2382-4ca2-4547-8889-14bd1d86df9d",
            "timeouts": null
          },
          "sensitive_attributes": [],
          "private": "eyJlMmJmYjczMC1lY2FhLTExZTYtOGY4OC0zNDM2M2JjN2M0YzAiOnsiY3JlYXRlIjoxODAwMDAwMDAwMDAwLCJkZWxldGUiOjE4MDAwMDAwMDAwMDAsInJlYWQiOjMwMDAwMDAwMDAwMCwidXBkYXRlIjoxODAwMDAwMDAwMDAwfX0=",
          "dependencies": [
            "module.Policies.data.azurerm_subscription.current"
          ]
        },
        {
          "index_key": "Env",
          "schema_version": 0,
          "attributes": {
            "description": "",
            "display_name": "Add the Env tag to all Resource groups",
            "enforcement_mode": true,
            "id": "/subscriptions/773c2382-4ca2-4547-8889-14bd1d86df9d/providers/Microsoft.Authorization/policyAssignments/add_Env_tag",
            "identity": [
              {
                "principal_id": "a2f5891d-bcd6-49b7-865d-6b500fb0805e",
                "tenant_id": "5a86393a-60e9-4ac7-ae4d-e7a3494a1e27",
                "type": "SystemAssigned"
              }
            ],
            "location": "canadacentral",
            "metadata": "{\"createdBy\":\"6967fc77-8b03-445e-acdd-45d31bfaac25\",\"createdOn\":\"2022-11-09T02:57:25.2805778Z\",\"updatedBy\":null,\"updatedOn\":null}",
            "name": "add_Env_tag",
            "not_scopes": null,
            "parameters": "{\"tagName\":{\"value\":\"Env\"},\"tagValue\":{\"value\":\"prod\"}}",
            "policy_definition_id": "/providers/Microsoft.Authorization/policyDefinitions/726aca4c-86e9-4b04-b0c5-073027359532",
            "scope": "/subscriptions/773c2382-4ca2-4547-8889-14bd1d86df9d",
            "timeouts": null
          },
          "sensitive_attributes": [],
          "private": "eyJlMmJmYjczMC1lY2FhLTExZTYtOGY4OC0zNDM2M2JjN2M0YzAiOnsiY3JlYXRlIjoxODAwMDAwMDAwMDAwLCJkZWxldGUiOjE4MDAwMDAwMDAwMDAsInJlYWQiOjMwMDAwMDAwMDAwMCwidXBkYXRlIjoxODAwMDAwMDAwMDAwfX0=",
          "dependencies": [
            "module.Policies.data.azurerm_subscription.current"
          ]
        },
        {
          "index_key": "Schedule",
          "schema_version": 0,
          "attributes": {
            "description": "",
            "display_name": "Add the Schedule tag to all Resource groups",
            "enforcement_mode": true,
            "id": "/subscriptions/773c2382-4ca2-4547-8889-14bd1d86df9d/providers/Microsoft.Authorization/policyAssignments/add_Schedule_tag",
            "identity": [
              {
                "principal_id": "45b4c447-fdee-4b7f-857e-0855b24be49f",
                "tenant_id": "5a86393a-60e9-4ac7-ae4d-e7a3494a1e27",
                "type": "SystemAssigned"
              }
            ],
            "location": "canadacentral",
            "metadata": "{\"createdBy\":\"6967fc77-8b03-445e-acdd-45d31bfaac25\",\"createdOn\":\"2022-11-09T02:57:24.7024518Z\",\"updatedBy\":null,\"updatedOn\":null}",
            "name": "add_Schedule_tag",
            "not_scopes": null,
            "parameters": "{\"tagName\":{\"value\":\"Schedule\"},\"tagValue\":{\"value\":\"24x7\"}}",
            "policy_definition_id": "/providers/Microsoft.Authorization/policyDefinitions/726aca4c-86e9-4b04-b0c5-073027359532",
            "scope": "/subscriptions/773c2382-4ca2-4547-8889-14bd1d86df9d",
            "timeouts": null
          },
          "sensitive_attributes": [],
          "private": "eyJlMmJmYjczMC1lY2FhLTExZTYtOGY4OC0zNDM2M2JjN2M0YzAiOnsiY3JlYXRlIjoxODAwMDAwMDAwMDAwLCJkZWxldGUiOjE4MDAwMDAwMDAwMDAsInJlYWQiOjMwMDAwMDAwMDAwMCwidXBkYXRlIjoxODAwMDAwMDAwMDAwfX0=",
          "dependencies": [
            "module.Policies.data.azurerm_subscription.current"
          ]
        }
      ]
    },
    {
      "module": "module.Policies",
      "mode": "managed",
      "type": "azurerm_policy_assignment",
      "name": "allowed_regions",
      "provider": "provider[\"registry.terraform.io/hashicorp/azurerm\"]",
      "instances": [
        {
          "index_key": 0,
          "schema_version": 0,
          "attributes": {
            "description": "",
            "display_name": "Allowed Azure Region for Resources and Resource Groups",
            "enforcement_mode": true,
            "id": "/subscriptions/773c2382-4ca2-4547-8889-14bd1d86df9d/providers/Microsoft.Authorization/policyAssignments/allowed_regions",
            "identity": [],
            "location": null,
            "metadata": "{\"createdBy\":\"6967fc77-8b03-445e-acdd-45d31bfaac25\",\"createdOn\":\"2022-11-09T02:55:53.5060846Z\",\"updatedBy\":null,\"updatedOn\":null}",
            "name": "allowed_regions",
            "not_scopes": null,
            "parameters": "{\"listOfAllowedLocations\":{\"value\":[\"Canada Central\",\"Canada East\"]}}",
            "policy_definition_id": "/providers/Microsoft.Authorization/policyDefinitions/e56962a6-4747-49cd-b67b-bf8b01975c4c",
            "scope": "/subscriptions/773c2382-4ca2-4547-8889-14bd1d86df9d",
            "timeouts": null
          },
          "sensitive_attributes": [],
          "private": "eyJlMmJmYjczMC1lY2FhLTExZTYtOGY4OC0zNDM2M2JjN2M0YzAiOnsiY3JlYXRlIjoxODAwMDAwMDAwMDAwLCJkZWxldGUiOjE4MDAwMDAwMDAwMDAsInJlYWQiOjMwMDAwMDAwMDAwMCwidXBkYXRlIjoxODAwMDAwMDAwMDAwfX0=",
          "dependencies": [
            "module.Policies.data.azurerm_subscription.current"
          ]
        }
      ]
    },
    {
      "module": "module.Policies",
      "mode": "managed",
      "type": "azurerm_policy_assignment",
      "name": "allowed_storage_skus",
      "provider": "provider[\"registry.terraform.io/hashicorp/azurerm\"]",
      "instances": [
        {
          "index_key": 0,
          "schema_version": 0,
          "attributes": {
            "description": "",
            "display_name": "Allowed Storage Account SKUs",
            "enforcement_mode": true,
            "id": "/subscriptions/773c2382-4ca2-4547-8889-14bd1d86df9d/providers/Microsoft.Authorization/policyAssignments/allowed_storage_skus",
            "identity": [],
            "location": null,
            "metadata": "{\"createdBy\":\"6967fc77-8b03-445e-acdd-45d31bfaac25\",\"createdOn\":\"2022-11-09T02:58:56.0604758Z\",\"updatedBy\":null,\"updatedOn\":null}",
            "name": "allowed_storage_skus",
            "not_scopes": null,
            "parameters": "{\"listOfAllowedSKUs\":{\"value\":[\"Standard_LRS\",\"Standard_GRS\",\"Standard_RAGRS\",\"Standard_ZRS\",\"Premium_LRS\"]}}",
            "policy_definition_id": "/providers/Microsoft.Authorization/policyDefinitions/7433c107-6db4-4ad1-b57a-a76dce0154a1",
            "scope": "/subscriptions/773c2382-4ca2-4547-8889-14bd1d86df9d",
            "timeouts": null
          },
          "sensitive_attributes": [],
          "private": "eyJlMmJmYjczMC1lY2FhLTExZTYtOGY4OC0zNDM2M2JjN2M0YzAiOnsiY3JlYXRlIjoxODAwMDAwMDAwMDAwLCJkZWxldGUiOjE4MDAwMDAwMDAwMDAsInJlYWQiOjMwMDAwMDAwMDAwMCwidXBkYXRlIjoxODAwMDAwMDAwMDAwfX0=",
          "dependencies": [
            "module.Policies.data.azurerm_subscription.current"
          ]
        }
      ]
    },
    {
      "module": "module.Policies",
      "mode": "managed",
      "type": "azurerm_policy_assignment",
      "name": "allowed_vm_skus",
      "provider": "provider[\"registry.terraform.io/hashicorp/azurerm\"]",
      "instances": [
        {
          "index_key": 0,
          "schema_version": 0,
          "attributes": {
            "description": "",
            "display_name": "Allowed Azure VM SKUs",
            "enforcement_mode": true,
            "id": "/subscriptions/773c2382-4ca2-4547-8889-14bd1d86df9d/providers/Microsoft.Authorization/policyAssignments/allowed_vm_skus",
            "identity": [],
            "location": null,
            "metadata": "{\"createdBy\":\"6967fc77-8b03-445e-acdd-45d31bfaac25\",\"createdOn\":\"2022-11-09T02:58:57.0455974Z\",\"updatedBy\":null,\"updatedOn\":null}",
            "name": "allowed_vm_skus",
            "not_scopes": null,
            "parameters": "{\"listOfAllowedSKUs\":{\"value\":[\"Standard_B1ls\",\"Standard_B1ms\",\"Standard_B1s\",\"Standard_B2ms\",\"Standard_B2s\",\"Standard_B4ms\",\"Standard_B8ms\",\"Standard_B12ms\",\"Standard_B16ms\",\"Standard_B20ms\",\"Standard_D1_v2\",\"Standard_D2_v2\",\"Standard_D3_v2\",\"Standard_D4_v2\",\"Standard_D5_v2\",\"Standard_D11_v2\",\"Standard_D12_v2\",\"Standard_D13_v2\",\"Standard_D14_v2\",\"Standard_D15_v2\",\"Standard_F1\",\"Standard_F2\",\"Standard_F4\",\"Standard_F8\",\"Standard_F16\",\"Standard_DS1_v2\",\"Standard_DS2_v2\",\"Standard_DS3_v2\",\"Standard_DS4_v2\",\"Standard_DS5_v2\",\"Standard_DS11-1_v2\",\"Standard_DS11_v2\",\"Standard_DS12-1_v2\",\"Standard_DS12-2_v2\",\"Standard_DS12_v2\",\"Standard_DS13-2_v2\",\"Standard_DS13-4_v2\",\"Standard_DS13_v2\",\"Standard_DS14-4_v2\",\"Standard_DS14-8_v2\",\"Standard_DS14_v2\",\"Standard_DS15_v2\",\"Standard_F1s\",\"Standard_F2s\",\"Standard_F4s\",\"Standard_F8s\",\"Standard_F16s\",\"Standard_A1_v2\",\"Standard_A2m_v2\",\"Standard_A2_v2\",\"Standard_A4m_v2\",\"Standard_A4_v2\",\"Standard_A8m_v2\",\"Standard_A8_v2\",\"Standard_D2_v3\",\"Standard_D4_v3\",\"Standard_D8_v3\",\"Standard_D16_v3\",\"Standard_D32_v3\",\"Standard_D48_v3\",\"Standard_D64_v3\",\"Standard_D2s_v3\",\"Standard_D4s_v3\",\"Standard_D8s_v3\",\"Standard_D16s_v3\",\"Standard_D32s_v3\",\"Standard_D48s_v3\",\"Standard_D64s_v3\",\"Standard_E2_v3\",\"Standard_E4_v3\",\"Standard_E8_v3\",\"Standard_E16_v3\",\"Standard_E20_v3\",\"Standard_E32_v3\",\"Standard_E48_v3\",\"Standard_E64i_v3\",\"Standard_E64_v3\",\"Standard_E2s_v3\",\"Standard_E4-2s_v3\",\"Standard_E4s_v3\",\"Standard_E8-2s_v3     \",\"Standard_E8-4s_v3\",\"Standard_E8s_v3\",\"Standard_E16-4s_v3\",\"Standard_E16-8s_v3\",\"Standard_E16s_v3\",\"Standard_E20s_v3\",\"Standard_E32-8s_v3\",\"Standard_E32-16s_v3\",\"Standard_E32s_v3\",\"Standard_E48s_v3\",\"Standard_E64-16s_v3\",\"Standard_E64-32s_v3\",\"Standard_E64is_v3\",\"Standard_E64s_v3\",\"Standard_D2ds_v4\",\"Standard_D4ds_v4\",\"Standard_D8ds_v4\",\"Standard_D16ds_v4\",\"Standard_D32ds_v4\",\"Standard_D48ds_v4\",\"Standard_D64ds_v4\",\"Standard_D2ds_v5\",\"Standard_D4ds_v5\",\"Standard_D8ds_v5\",\"Standard_D16ds_v5\",\"Standard_D32ds_v5\",\"Standard_D48ds_v5\",\"Standard_D64ds_v5\",\"Standard_D96ds_v5\",\"Standard_D2d_v4\",\"Standard_D4d_v4\",\"Standard_D8d_v4\",\"Standard_D16d_v4\",\"Standard_D32d_v4\",\"Standard_D48d_v4\",\"Standard_D64d_v4\",\"Standard_D2d_v5\",\"Standard_D4d_v5\",\"Standard_D8d_v5\",\"Standard_D16d_v5\",\"Standard_D32d_v5\",\"Standard_D48d_v5\",\"Standard_D64d_v5\",\"Standard_D96d_v5\",\"Standard_D2s_v4       \",\"Standard_D4s_v4\",\"Standard_D8s_v4\",\"Standard_D16s_v4\",\"Standard_D32s_v4\",\"Standard_D48s_v4\",\"Standard_D64s_v4\",\"Standard_D2s_v5\",\"Standard_D4s_v5\",\"Standard_D8s_v5\",\"Standard_D16s_v5\",\"Standard_D32s_v5\",\"Standard_D48s_v5\",\"Standard_D64s_v5\",\"Standard_D96s_v5\",\"Standard_D2_v4\",\"Standard_D4_v4\",\"Standard_D8_v4\",\"Standard_D16_v4\",\"Standard_D32_v4\",\"Standard_D48_v4\",\"Standard_D64_v4\",\"Standard_D2_v5\",\"Standard_D4_v5\",\"Standard_D8_v5\",\"Standard_D16_v5\",\"Standard_D32_v5\",\"Standard_D48_v5\",\"Standard_D64_v5\",\"Standard_D96_v5\",\"Standard_E2ds_v4\",\"Standard_E4-2ds_v4\",\"Standard_E4ds_v4\",\"Standard_E8-2ds_v4\",\"Standard_E8-4ds_v4\",\"Standard_E8ds_v4\",\"Standard_E16-4ds_v4\",\"Standard_E16-8ds_v4\",\"Standard_E16ds_v4\",\"Standard_E20ds_v4\",\"Standard_E32-8ds_v4\",\"Standard_E32-16ds_v4  \",\"Standard_E32ds_v4\",\"Standard_E48ds_v4\",\"Standard_E64-16ds_v4\",\"Standard_E64-32ds_v4\",\"Standard_E64ds_v4\",\"Standard_E2ds_v5\",\"Standard_E4-2ds_v5\",\"Standard_E4ds_v5\",\"Standard_E8-2ds_v5\",\"Standard_E8-4ds_v5\",\"Standard_E8ds_v5\",\"Standard_E16-4ds_v5\",\"Standard_E16-8ds_v5\",\"Standard_E16ds_v5\",\"Standard_E20ds_v5\",\"Standard_E32-8ds_v5\",\"Standard_E32-16ds_v5\",\"Standard_E32ds_v5\",\"Standard_E48ds_v5\",\"Standard_E64-16ds_v5\",\"Standard_E64-32ds_v5\",\"Standard_E64ds_v5\",\"Standard_E96-24ds_v5\",\"Standard_E96-48ds_v5\",\"Standard_E96ds_v5\",\"Standard_E104ids_v5\",\"Standard_E2d_v4\",\"Standard_E4d_v4\",\"Standard_E8d_v4\",\"Standard_E16d_v4\",\"Standard_E20d_v4\",\"Standard_E32d_v4\",\"Standard_E48d_v4\",\"Standard_E64d_v4\",\"Standard_E2d_v5\",\"Standard_E4d_v5\",\"Standard_E8d_v5\",\"Standard_E16d_v5\",\"Standard_E20d_v5\",\"Standard_E32d_v5\",\"Standard_E48d_v5\",\"Standard_E64d_v5\",\"Standard_E96d_v5\",\"Standard_E104id_v5\",\"Standard_E2s_v4\",\"Standard_E4-2s_v4\",\"Standard_E4s_v4\",\"Standard_E8-2s_v4\",\"Standard_E8-4s_v4\",\"Standard_E8s_v4\",\"Standard_E16-4s_v4\",\"Standard_E16-8s_v4\",\"Standard_E16s_v4\",\"Standard_E20s_v4\",\"Standard_E32-8s_v4\",\"Standard_E32-16s_v4\",\"Standard_E32s_v4\",\"Standard_E48s_v4\",\"Standard_E64-16s_v4\",\"Standard_E64-32s_v4\",\"Standard_E64s_v4\",\"Standard_E2s_v5\",\"Standard_E4-2s_v5\",\"Standard_E4s_v5\",\"Standard_E8-2s_v5\",\"Standard_E8-4s_v5\",\"Standard_E8s_v5\",\"Standard_E16-4s_v5\",\"Standard_E16-8s_v5\",\"Standard_E16s_v5      \",\"Standard_E20s_v5\",\"Standard_E32-8s_v5\",\"Standard_E32-16s_v5\",\"Standard_E32s_v5\",\"Standard_E48s_v5\",\"Standard_E64-16s_v5\",\"Standard_E64-32s_v5\",\"Standard_E64s_v5\",\"Standard_E96-24s_v5   \",\"Standard_E96-48s_v5\",\"Standard_E96s_v5\",\"Standard_E104is_v5\",\"Standard_E2_v4\",\"Standard_E4_v4\",\"Standard_E8_v4\",\"Standard_E16_v4\",\"Standard_E20_v4\",\"Standard_E32_v4\",\"Standard_E48_v4\",\"Standard_E64_v4\",\"Standard_E2_v5\",\"Standard_E4_v5\",\"Standard_E8_v5\",\"Standard_E16_v5\",\"Standard_E20_v5\",\"Standard_E32_v5\",\"Standard_E48_v5\",\"Standard_E64_v5\",\"Standard_E96_v5\",\"Standard_E104i_v5\",\"Standard_F2s_v2\",\"Standard_F4s_v2\",\"Standard_F8s_v2\",\"Standard_F16s_v2\",\"Standard_F32s_v2\",\"Standard_F48s_v2\",\"Standard_F64s_v2\",\"Standard_F72s_v2      \",\"Standard_E2bs_v5\",\"Standard_E4bs_v5\",\"Standard_E8bs_v5\",\"Standard_E16bs_v5\",\"Standard_E32bs_v5\",\"Standard_E48bs_v5\",\"Standard_E64bs_v5\",\"Standard_E2bds_v5\",\"Standard_E4bds_v5\",\"Standard_E8bds_v5\",\"Standard_E16bds_v5\",\"Standard_E32bds_v5\",\"Standard_E48bds_v5\",\"Standard_E64bds_v5\",\"Standard_M64\",\"Standard_M64m\",\"Standard_M128\",\"Standard_M128m\",\"Standard_M8-2ms\",\"Standard_M8-4ms\",\"Standard_M8ms\",\"Standard_M16-4ms\",\"Standard_M16-8ms\",\"Standard_M16ms\",\"Standard_M32-8ms\",\"Standard_M32-16ms\",\"Standard_M32ls\",\"Standard_M32ms\",\"Standard_M32ts\",\"Standard_M64-16ms\",\"Standard_M64-32ms     \",\"Standard_M64ls\",\"Standard_M64ms\",\"Standard_M64s\",\"Standard_M128-32ms\",\"Standard_M128-64ms\",\"Standard_M128ms\",\"Standard_M128s\",\"Standard_M32ms_v2\",\"Standard_M64ms_v2\",\"Standard_M64s_v2\",\"Standard_M128ms_v2\",\"Standard_M128s_v2\",\"Standard_M192ims_v2\",\"Standard_M192is_v2\",\"Standard_M32dms_v2\",\"Standard_M64dms_v2\",\"Standard_M64ds_v2\",\"Standard_M128dms_v2\",\"Standard_M128ds_v2\",\"Standard_M192idms_v2\",\"Standard_M192ids_v2\",\"Standard_A0\",\"Standard_A1\",\"Standard_A2\",\"Standard_A3\",\"Standard_A5\",\"Standard_A4\",\"Standard_A6\",\"Standard_A7\",\"Basic_A0\",\"Basic_A1\",\"Basic_A2\",\"Basic_A3\",\"Basic_A4\",\"Standard_D1\",\"Standard_D2\",\"Standard_D3\",\"Standard_D4\",\"Standard_D11\",\"Standard_D12\",\"Standard_D13\",\"Standard_D14\",\"Standard_DS1\",\"Standard_DS2\",\"Standard_DS3\",\"Standard_DS4\",\"Standard_DS11\",\"Standard_DS12\",\"Standard_DS13\",\"Standard_DS14\",\"Standard_M208ms_v2\",\"Standard_M208s_v2\",\"Standard_M416-208s_v2\",\"Standard_M416s_v2\",\"Standard_M416-208ms_v2\",\"Standard_M416ms_v2\",\"Standard_L8s_v3\",\"Standard_L16s_v3\",\"Standard_L32s_v3\",\"Standard_L48s_v3\",\"Standard_L64s_v3\",\"Standard_L80s_v3\",\"Standard_DC8_v2\",\"Standard_DC1s_v2\",\"Standard_DC2s_v2\",\"Standard_DC4s_v2\",\"Standard_E80is_v4\",\"Standard_E80ids_v4\",\"Standard_HB120-16rs_v2\",\"Standard_HB120-32rs_v2\",\"Standard_HB120-64rs_v2\",\"Standard_HB120-96rs_v2\",\"Standard_HB120rs_v2\",\"Standard_D2a_v4\",\"Standard_D4a_v4\",\"Standard_D8a_v4\",\"Standard_D16a_v4\",\"Standard_D32a_v4\",\"Standard_D48a_v4\",\"Standard_D64a_v4\",\"Standard_D96a_v4\",\"Standard_D2as_v4\",\"Standard_D4as_v4\",\"Standard_D8as_v4\",\"Standard_D16as_v4\",\"Standard_D32as_v4\",\"Standard_D48as_v4\",\"Standard_D64as_v4\",\"Standard_D96as_v4\",\"Standard_E2a_v4\",\"Standard_E4a_v4\",\"Standard_E8a_v4\",\"Standard_E16a_v4\",\"Standard_E20a_v4\",\"Standard_E32a_v4\",\"Standard_E48a_v4\",\"Standard_E64a_v4\",\"Standard_E96a_v4\",\"Standard_E2as_v4\",\"Standard_E4-2as_v4\",\"Standard_E4as_v4\",\"Standard_E8-2as_v4\",\"Standard_E8-4as_v4\",\"Standard_E8as_v4\",\"Standard_E16-4as_v4\",\"Standard_E16-8as_v4\",\"Standard_E16as_v4\",\"Standard_E20as_v4\",\"Standard_E32-8as_v4\",\"Standard_E32-16as_v4\",\"Standard_E32as_v4\",\"Standard_E48as_v4\",\"Standard_E64-16as_v4\",\"Standard_E64-32as_v4\",\"Standard_E64as_v4\",\"Standard_E96-24as_v4\",\"Standard_E96-48as_v4\",\"Standard_E96as_v4\",\"Standard_D2as_v5\",\"Standard_D4as_v5\",\"Standard_D8as_v5\",\"Standard_D16as_v5\",\"Standard_D32as_v5\",\"Standard_D48as_v5\",\"Standard_D64as_v5\",\"Standard_D96as_v5\",\"Standard_E2as_v5\",\"Standard_E4-2as_v5\",\"Standard_E4as_v5\",\"Standard_E8-2as_v5\",\"Standard_E8-4as_v5\",\"Standard_E8as_v5\",\"Standard_E16-4as_v5\",\"Standard_E16-8as_v5\",\"Standard_E16as_v5\",\"Standard_E20as_v5\",\"Standard_E32-8as_v5\",\"Standard_E32-16as_v5\",\"Standard_E32as_v5\",\"Standard_E48as_v5\",\"Standard_E64-16as_v5\",\"Standard_E64-32as_v5\",\"Standard_E64as_v5\",\"Standard_E96-24as_v5\",\"Standard_E96-48as_v5\",\"Standard_E96as_v5\",\"Standard_E112ias_v5\",\"Standard_D2ads_v5\",\"Standard_D4ads_v5\",\"Standard_D8ads_v5\",\"Standard_D16ads_v5\",\"Standard_D32ads_v5\",\"Standard_D48ads_v5    \",\"Standard_D64ads_v5\",\"Standard_D96ads_v5\",\"Standard_E2ads_v5\",\"Standard_E4-2ads_v5\",\"Standard_E4ads_v5\",\"Standard_E8-2ads_v5\",\"Standard_E8-4ads_v5\",\"Standard_E8ads_v5\",\"Standard_E16-4ads_v5\",\"Standard_E16-8ads_v5\",\"Standard_E16ads_v5\",\"Standard_E20ads_v5\",\"Standard_E32-8ads_v5\",\"Standard_E32-16ads_v5\",\"Standard_E32ads_v5\",\"Standard_E48ads_v5\",\"Standard_E64-16ads_v5\",\"Standard_E64-32ads_v5\",\"Standard_E64ads_v5\",\"Standard_E96-24ads_v5\",\"Standard_E96-48ads_v5\",\"Standard_E96ads_v5\",\"Standard_E112iads_v5\",\"Standard_L8as_v3\",\"Standard_L16as_v3\",\"Standard_L32as_v3\",\"Standard_L48as_v3\",\"Standard_L64as_v3\",\"Standard_L80as_v3\",\"Standard_NV4as_v4\",\"Standard_NV8as_v4\",\"Standard_NV16as_v4\",\"Standard_NV32as_v4\",\"Standard_G1\",\"Standard_G2\",\"Standard_G3\",\"Standard_G4\",\"Standard_G5\",\"Standard_GS1\",\"Standard_GS2\",\"Standard_GS3\",\"Standard_GS4\",\"Standard_GS4-4\",\"Standard_GS4-8\",\"Standard_GS5\",\"Standard_GS5-8\",\"Standard_GS5-16\",\"Standard_L4s\",\"Standard_L8s\",\"Standard_L16s\",\"Standard_L32s\",\"Standard_NC6s_v3\",\"Standard_NC12s_v3\",\"Standard_NC24rs_v3\",\"Standard_NC24s_v3\",\"Standard_DC1s_v3\",\"Standard_DC2s_v3\",\"Standard_DC4s_v3\",\"Standard_DC8s_v3\",\"Standard_DC16s_v3\",\"Standard_DC24s_v3\",\"Standard_DC32s_v3\",\"Standard_DC48s_v3\",\"Standard_DC1ds_v3\",\"Standard_DC2ds_v3\",\"Standard_DC4ds_v3\",\"Standard_DC8ds_v3\",\"Standard_DC16ds_v3\",\"Standard_DC24ds_v3\",\"Standard_DC32ds_v3\",\"Standard_DC48ds_v3\"]}}",
            "policy_definition_id": "/providers/Microsoft.Authorization/policyDefinitions/cccc23c7-8427-4f53-ad12-b6a63eb452b3",
            "scope": "/subscriptions/773c2382-4ca2-4547-8889-14bd1d86df9d",
            "timeouts": null
          },
          "sensitive_attributes": [],
          "private": "eyJlMmJmYjczMC1lY2FhLTExZTYtOGY4OC0zNDM2M2JjN2M0YzAiOnsiY3JlYXRlIjoxODAwMDAwMDAwMDAwLCJkZWxldGUiOjE4MDAwMDAwMDAwMDAsInJlYWQiOjMwMDAwMDAwMDAwMCwidXBkYXRlIjoxODAwMDAwMDAwMDAwfX0=",
          "dependencies": [
            "module.Policies.data.azurerm_subscription.current"
          ]
        }
      ]
    },
    {
      "module": "module.Policies",
      "mode": "managed",
      "type": "azurerm_policy_assignment",
      "name": "asc_monitoring",
      "provider": "provider[\"registry.terraform.io/hashicorp/azurerm\"]",
      "instances": [
        {
          "index_key": 0,
          "schema_version": 0,
          "attributes": {
            "description": "",
            "display_name": "Enable Security Center's auto provisioning of the Log Analytics agent on your subscriptions with default workspace.",
            "enforcement_mode": true,
            "id": "/subscriptions/773c2382-4ca2-4547-8889-14bd1d86df9d/providers/Microsoft.Authorization/policyAssignments/asc_monitoring",
            "identity": [
              {
                "principal_id": "7f0521c4-4cd3-4095-9059-63b96496037e",
                "tenant_id": "5a86393a-60e9-4ac7-ae4d-e7a3494a1e27",
                "type": "SystemAssigned"
              }
            ],
            "location": "canadacentral",
            "metadata": "{\"createdBy\":\"6967fc77-8b03-445e-acdd-45d31bfaac25\",\"createdOn\":\"2022-11-09T02:58:59.0082535Z\",\"updatedBy\":null,\"updatedOn\":null}",
            "name": "asc_monitoring",
            "not_scopes": null,
            "parameters": null,
            "policy_definition_id": "/providers/Microsoft.Authorization/policyDefinitions/6df2fee6-a9ed-4fef-bced-e13be1b25f1c",
            "scope": "/subscriptions/773c2382-4ca2-4547-8889-14bd1d86df9d",
            "timeouts": null
          },
          "sensitive_attributes": [],
          "private": "eyJlMmJmYjczMC1lY2FhLTExZTYtOGY4OC0zNDM2M2JjN2M0YzAiOnsiY3JlYXRlIjoxODAwMDAwMDAwMDAwLCJkZWxldGUiOjE4MDAwMDAwMDAwMDAsInJlYWQiOjMwMDAwMDAwMDAwMCwidXBkYXRlIjoxODAwMDAwMDAwMDAwfX0=",
          "dependencies": [
            "module.Policies.data.azurerm_subscription.current"
          ]
        }
      ]
    },
    {
      "module": "module.Policies",
      "mode": "managed",
      "type": "azurerm_policy_assignment",
      "name": "associate_with_nsg",
      "provider": "provider[\"registry.terraform.io/hashicorp/azurerm\"]",
      "instances": [
        {
          "index_key": 0,
          "schema_version": 0,
          "attributes": {
            "description": "",
            "display_name": "Ensure subnets are associated with NSG",
            "enforcement_mode": true,
            "id": "/subscriptions/773c2382-4ca2-4547-8889-14bd1d86df9d/providers/Microsoft.Authorization/policyAssignments/associate_with_nsg",
            "identity": [],
            "location": null,
            "metadata": "{\"createdBy\":\"6967fc77-8b03-445e-acdd-45d31bfaac25\",\"createdOn\":\"2022-11-09T02:58:57.3877909Z\",\"updatedBy\":null,\"updatedOn\":null}",
            "name": "associate_with_nsg",
            "not_scopes": null,
            "parameters": null,
            "policy_definition_id": "/providers/Microsoft.Authorization/policyDefinitions/e71308d3-144b-4262-b144-efdc3cc90517",
            "scope": "/subscriptions/773c2382-4ca2-4547-8889-14bd1d86df9d",
            "timeouts": null
          },
          "sensitive_attributes": [],
          "private": "eyJlMmJmYjczMC1lY2FhLTExZTYtOGY4OC0zNDM2M2JjN2M0YzAiOnsiY3JlYXRlIjoxODAwMDAwMDAwMDAwLCJkZWxldGUiOjE4MDAwMDAwMDAwMDAsInJlYWQiOjMwMDAwMDAwMDAwMCwidXBkYXRlIjoxODAwMDAwMDAwMDAwfX0=",
          "dependencies": [
            "module.Policies.data.azurerm_subscription.current"
          ]
        }
      ]
    },
    {
      "module": "module.Policies",
      "mode": "managed",
      "type": "azurerm_policy_assignment",
      "name": "audit_diagnostics",
      "provider": "provider[\"registry.terraform.io/hashicorp/azurerm\"]",
      "instances": [
        {
          "index_key": 0,
          "schema_version": 0,
          "attributes": {
            "description": "",
            "display_name": "Audit diagnostic setting",
            "enforcement_mode": true,
            "id": "/subscriptions/773c2382-4ca2-4547-8889-14bd1d86df9d/providers/Microsoft.Authorization/policyAssignments/audit_diagnostics",
            "identity": [],
            "location": null,
            "metadata": "{\"createdBy\":\"6967fc77-8b03-445e-acdd-45d31bfaac25\",\"createdOn\":\"2022-11-09T02:55:53.018973Z\",\"updatedBy\":null,\"updatedOn\":null}",
            "name": "audit_diagnostics",
            "not_scopes": null,
            "parameters": "{\"listOfResourceTypes\":{\"value\":[\"Microsoft.Compute\",\"Microsoft.Network\"]}}",
            "policy_definition_id": "/providers/Microsoft.Authorization/policyDefinitions/7f89b1eb-583c-429a-8828-af049802c1d9",
            "scope": "/subscriptions/773c2382-4ca2-4547-8889-14bd1d86df9d",
            "timeouts": null
          },
          "sensitive_attributes": [],
          "private": "eyJlMmJmYjczMC1lY2FhLTExZTYtOGY4OC0zNDM2M2JjN2M0YzAiOnsiY3JlYXRlIjoxODAwMDAwMDAwMDAwLCJkZWxldGUiOjE4MDAwMDAwMDAwMDAsInJlYWQiOjMwMDAwMDAwMDAwMCwidXBkYXRlIjoxODAwMDAwMDAwMDAwfX0=",
          "dependencies": [
            "module.Policies.data.azurerm_subscription.current"
          ]
        }
      ]
    },
    {
      "module": "module.Policies",
      "mode": "managed",
      "type": "azurerm_policy_assignment",
      "name": "audit_sqlserver",
      "provider": "provider[\"registry.terraform.io/hashicorp/azurerm\"]",
      "instances": [
        {
          "index_key": 0,
          "schema_version": 0,
          "attributes": {
            "description": "",
            "display_name": "Auditing on SQL server should be enabled",
            "enforcement_mode": true,
            "id": "/subscriptions/773c2382-4ca2-4547-8889-14bd1d86df9d/providers/Microsoft.Authorization/policyAssignments/audit_sqlserver",
            "identity": [],
            "location": null,
            "metadata": "{\"createdBy\":\"6967fc77-8b03-445e-acdd-45d31bfaac25\",\"createdOn\":\"2022-11-09T02:55:52.7197662Z\",\"updatedBy\":null,\"updatedOn\":null}",
            "name": "audit_sqlserver",
            "not_scopes": null,
            "parameters": null,
            "policy_definition_id": "/providers/Microsoft.Authorization/policyDefinitions/a6fb4358-5bf4-4ad7-ba82-2cd2f41ce5e9",
            "scope": "/subscriptions/773c2382-4ca2-4547-8889-14bd1d86df9d",
            "timeouts": null
          },
          "sensitive_attributes": [],
          "private": "eyJlMmJmYjczMC1lY2FhLTExZTYtOGY4OC0zNDM2M2JjN2M0YzAiOnsiY3JlYXRlIjoxODAwMDAwMDAwMDAwLCJkZWxldGUiOjE4MDAwMDAwMDAwMDAsInJlYWQiOjMwMDAwMDAwMDAwMCwidXBkYXRlIjoxODAwMDAwMDAwMDAwfX0=",
          "dependencies": [
            "module.Policies.data.azurerm_subscription.current"
          ]
        }
      ]
    },
    {
      "module": "module.Policies",
      "mode": "managed",
      "type": "azurerm_policy_assignment",
      "name": "deny_ip_forwarding",
      "provider": "provider[\"registry.terraform.io/hashicorp/azurerm\"]",
      "instances": [
        {
          "index_key": 0,
          "schema_version": 0,
          "attributes": {
            "description": "",
            "display_name": "Prevent IP forwarding",
            "enforcement_mode": true,
            "id": "/subscriptions/773c2382-4ca2-4547-8889-14bd1d86df9d/providers/Microsoft.Authorization/policyAssignments/deny_ip_forwarding",
            "identity": [],
            "location": null,
            "metadata": "{\"createdBy\":\"6967fc77-8b03-445e-acdd-45d31bfaac25\",\"createdOn\":\"2022-11-09T02:55:52.7083571Z\",\"updatedBy\":null,\"updatedOn\":null}",
            "name": "deny_ip_forwarding",
            "not_scopes": null,
            "parameters": null,
            "policy_definition_id": "/providers/Microsoft.Authorization/policyDefinitions/88c0b9da-ce96-4b03-9635-f29a937e2900",
            "scope": "/subscriptions/773c2382-4ca2-4547-8889-14bd1d86df9d",
            "timeouts": null
          },
          "sensitive_attributes": [],
          "private": "eyJlMmJmYjczMC1lY2FhLTExZTYtOGY4OC0zNDM2M2JjN2M0YzAiOnsiY3JlYXRlIjoxODAwMDAwMDAwMDAwLCJkZWxldGUiOjE4MDAwMDAwMDAwMDAsInJlYWQiOjMwMDAwMDAwMDAwMCwidXBkYXRlIjoxODAwMDAwMDAwMDAwfX0=",
          "dependencies": [
            "module.Policies.data.azurerm_subscription.current"
          ]
        }
      ]
    },
    {
      "module": "module.Policies",
      "mode": "managed",
      "type": "azurerm_policy_assignment",
      "name": "enforce_inguest_monitoring",
      "provider": "provider[\"registry.terraform.io/hashicorp/azurerm\"]",
      "instances": [
        {
          "index_key": 0,
          "schema_version": 0,
          "attributes": {
            "description": "",
            "display_name": "Deploy prerequisites to enable Guest Configuration policies on virtual machines",
            "enforcement_mode": true,
            "id": "/subscriptions/773c2382-4ca2-4547-8889-14bd1d86df9d/providers/Microsoft.Authorization/policyAssignments/enforce_monitoring",
            "identity": [
              {
                "principal_id": "1c2fc056-cdaf-4211-80e2-3f7d7543193f",
                "tenant_id": "5a86393a-60e9-4ac7-ae4d-e7a3494a1e27",
                "type": "SystemAssigned"
              }
            ],
            "location": "canadacentral",
            "metadata": "{\"createdBy\":\"6967fc77-8b03-445e-acdd-45d31bfaac25\",\"createdOn\":\"2022-11-09T02:55:53.3451455Z\",\"updatedBy\":null,\"updatedOn\":null}",
            "name": "enforce_monitoring",
            "not_scopes": null,
            "parameters": null,
            "policy_definition_id": "/providers/Microsoft.Authorization/policySetDefinitions/12794019-7a00-42cf-95c2-882eed337cc8",
            "scope": "/subscriptions/773c2382-4ca2-4547-8889-14bd1d86df9d",
            "timeouts": null
          },
          "sensitive_attributes": [],
          "private": "eyJlMmJmYjczMC1lY2FhLTExZTYtOGY4OC0zNDM2M2JjN2M0YzAiOnsiY3JlYXRlIjoxODAwMDAwMDAwMDAwLCJkZWxldGUiOjE4MDAwMDAwMDAwMDAsInJlYWQiOjMwMDAwMDAwMDAwMCwidXBkYXRlIjoxODAwMDAwMDAwMDAwfX0=",
          "dependencies": [
            "module.Policies.data.azurerm_subscription.current"
          ]
        }
      ]
    },
    {
      "module": "module.Policies",
      "mode": "managed",
      "type": "azurerm_policy_assignment",
      "name": "enforce_vm_backup",
      "provider": "provider[\"registry.terraform.io/hashicorp/azurerm\"]",
      "instances": [
        {
          "index_key": 0,
          "schema_version": 0,
          "attributes": {
            "description": "",
            "display_name": "Deploy prerequisites to enable Guest Configuration policies on virtual machines",
            "enforcement_mode": true,
            "id": "/subscriptions/773c2382-4ca2-4547-8889-14bd1d86df9d/providers/Microsoft.Authorization/policyAssignments/enforce_vm_backup",
            "identity": [],
            "location": null,
            "metadata": "{\"createdBy\":\"6967fc77-8b03-445e-acdd-45d31bfaac25\",\"createdOn\":\"2022-11-09T02:55:52.7059943Z\",\"updatedBy\":null,\"updatedOn\":null}",
            "name": "enforce_vm_backup",
            "not_scopes": null,
            "parameters": null,
            "policy_definition_id": "/providers/Microsoft.Authorization/policyDefinitions/013e242c-8828-4970-87b3-ab247555486d",
            "scope": "/subscriptions/773c2382-4ca2-4547-8889-14bd1d86df9d",
            "timeouts": null
          },
          "sensitive_attributes": [],
          "private": "eyJlMmJmYjczMC1lY2FhLTExZTYtOGY4OC0zNDM2M2JjN2M0YzAiOnsiY3JlYXRlIjoxODAwMDAwMDAwMDAwLCJkZWxldGUiOjE4MDAwMDAwMDAwMDAsInJlYWQiOjMwMDAwMDAwMDAwMCwidXBkYXRlIjoxODAwMDAwMDAwMDAwfX0=",
          "dependencies": [
            "module.Policies.data.azurerm_subscription.current"
          ]
        }
      ]
    },
    {
      "module": "module.Policies",
      "mode": "managed",
      "type": "azurerm_policy_assignment",
      "name": "https_to_storage",
      "provider": "provider[\"registry.terraform.io/hashicorp/azurerm\"]",
      "instances": [
        {
          "index_key": 0,
          "schema_version": 0,
          "attributes": {
            "description": "",
            "display_name": "Secure transfer to storage accounts should be enabled",
            "enforcement_mode": true,
            "id": "/subscriptions/773c2382-4ca2-4547-8889-14bd1d86df9d/providers/Microsoft.Authorization/policyAssignments/https_to_storage",
            "identity": [],
            "location": null,
            "metadata": "{\"createdBy\":\"6967fc77-8b03-445e-acdd-45d31bfaac25\",\"createdOn\":\"2022-11-09T02:55:52.7880532Z\",\"updatedBy\":null,\"updatedOn\":null}",
            "name": "https_to_storage",
            "not_scopes": null,
            "parameters": null,
            "policy_definition_id": "/providers/Microsoft.Authorization/policyDefinitions/404c3081-a854-4457-ae30-26a93ef643f9",
            "scope": "/subscriptions/773c2382-4ca2-4547-8889-14bd1d86df9d",
            "timeouts": null
          },
          "sensitive_attributes": [],
          "private": "eyJlMmJmYjczMC1lY2FhLTExZTYtOGY4OC0zNDM2M2JjN2M0YzAiOnsiY3JlYXRlIjoxODAwMDAwMDAwMDAwLCJkZWxldGUiOjE4MDAwMDAwMDAwMDAsInJlYWQiOjMwMDAwMDAwMDAwMCwidXBkYXRlIjoxODAwMDAwMDAwMDAwfX0=",
          "dependencies": [
            "module.Policies.data.azurerm_subscription.current"
          ]
        }
      ]
    },
    {
      "module": "module.Policies",
      "mode": "managed",
      "type": "azurerm_policy_assignment",
      "name": "inherit_tags",
      "provider": "provider[\"registry.terraform.io/hashicorp/azurerm\"]",
      "instances": [
        {
          "index_key": "AppOwner    = IT",
          "schema_version": 0,
          "attributes": {
            "description": "",
            "display_name": "Inherit the AppOwner    = IT tag from the subscription if missing",
            "enforcement_mode": true,
            "id": "/subscriptions/773c2382-4ca2-4547-8889-14bd1d86df9d/providers/Microsoft.Authorization/policyAssignments/inherit_tag_AppOwner    = IT",
            "identity": [
              {
                "principal_id": "8e2cf0bc-4e19-4a89-b517-e7716cfc1827",
                "tenant_id": "5a86393a-60e9-4ac7-ae4d-e7a3494a1e27",
                "type": "SystemAssigned"
              }
            ],
            "location": "canadacentral",
            "metadata": "{\"createdBy\":\"6967fc77-8b03-445e-acdd-45d31bfaac25\",\"createdOn\":\"2022-11-09T02:58:57.018787Z\",\"updatedBy\":null,\"updatedOn\":null}",
            "name": "inherit_tag_AppOwner    = IT",
            "not_scopes": null,
            "parameters": "{\"tagName\":{\"value\":\"AppOwner    = IT\"}}",
            "policy_definition_id": "/providers/Microsoft.Authorization/policyDefinitions/40df99da-1232-49b1-a39a-6da8d878f469",
            "scope": "/subscriptions/773c2382-4ca2-4547-8889-14bd1d86df9d",
            "timeouts": null
          },
          "sensitive_attributes": [],
          "private": "eyJlMmJmYjczMC1lY2FhLTExZTYtOGY4OC0zNDM2M2JjN2M0YzAiOnsiY3JlYXRlIjoxODAwMDAwMDAwMDAwLCJkZWxldGUiOjE4MDAwMDAwMDAwMDAsInJlYWQiOjMwMDAwMDAwMDAwMCwidXBkYXRlIjoxODAwMDAwMDAwMDAwfX0=",
          "dependencies": [
            "module.Policies.data.azurerm_subscription.current"
          ]
        },
        {
          "index_key": "CostCenter = None",
          "schema_version": 0,
          "attributes": {
            "description": "",
            "display_name": "Inherit the CostCenter = None tag from the subscription if missing",
            "enforcement_mode": true,
            "id": "/subscriptions/773c2382-4ca2-4547-8889-14bd1d86df9d/providers/Microsoft.Authorization/policyAssignments/inherit_tag_CostCenter = None",
            "identity": [
              {
                "principal_id": "ec4df145-891e-480f-ab2e-7b49984964a1",
                "tenant_id": "5a86393a-60e9-4ac7-ae4d-e7a3494a1e27",
                "type": "SystemAssigned"
              }
            ],
            "location": "canadacentral",
            "metadata": "{\"createdBy\":\"6967fc77-8b03-445e-acdd-45d31bfaac25\",\"createdOn\":\"2022-11-09T02:58:57.6186959Z\",\"updatedBy\":null,\"updatedOn\":null}",
            "name": "inherit_tag_CostCenter = None",
            "not_scopes": null,
            "parameters": "{\"tagName\":{\"value\":\"CostCenter = None\"}}",
            "policy_definition_id": "/providers/Microsoft.Authorization/policyDefinitions/40df99da-1232-49b1-a39a-6da8d878f469",
            "scope": "/subscriptions/773c2382-4ca2-4547-8889-14bd1d86df9d",
            "timeouts": null
          },
          "sensitive_attributes": [],
          "private": "eyJlMmJmYjczMC1lY2FhLTExZTYtOGY4OC0zNDM2M2JjN2M0YzAiOnsiY3JlYXRlIjoxODAwMDAwMDAwMDAwLCJkZWxldGUiOjE4MDAwMDAwMDAwMDAsInJlYWQiOjMwMDAwMDAwMDAwMCwidXBkYXRlIjoxODAwMDAwMDAwMDAwfX0=",
          "dependencies": [
            "module.Policies.data.azurerm_subscription.current"
          ]
        },
        {
          "index_key": "Env        = prod",
          "schema_version": 0,
          "attributes": {
            "description": "",
            "display_name": "Inherit the Env        = prod tag from the subscription if missing",
            "enforcement_mode": true,
            "id": "/subscriptions/773c2382-4ca2-4547-8889-14bd1d86df9d/providers/Microsoft.Authorization/policyAssignments/inherit_tag_Env        = prod",
            "identity": [
              {
                "principal_id": "a673e285-fa56-4959-941b-acc036812f0f",
                "tenant_id": "5a86393a-60e9-4ac7-ae4d-e7a3494a1e27",
                "type": "SystemAssigned"
              }
            ],
            "location": "canadacentral",
            "metadata": "{\"createdBy\":\"6967fc77-8b03-445e-acdd-45d31bfaac25\",\"createdOn\":\"2022-11-09T02:58:57.871243Z\",\"updatedBy\":null,\"updatedOn\":null}",
            "name": "inherit_tag_Env        = prod",
            "not_scopes": null,
            "parameters": "{\"tagName\":{\"value\":\"Env        = prod\"}}",
            "policy_definition_id": "/providers/Microsoft.Authorization/policyDefinitions/40df99da-1232-49b1-a39a-6da8d878f469",
            "scope": "/subscriptions/773c2382-4ca2-4547-8889-14bd1d86df9d",
            "timeouts": null
          },
          "sensitive_attributes": [],
          "private": "eyJlMmJmYjczMC1lY2FhLTExZTYtOGY4OC0zNDM2M2JjN2M0YzAiOnsiY3JlYXRlIjoxODAwMDAwMDAwMDAwLCJkZWxldGUiOjE4MDAwMDAwMDAwMDAsInJlYWQiOjMwMDAwMDAwMDAwMCwidXBkYXRlIjoxODAwMDAwMDAwMDAwfX0=",
          "dependencies": [
            "module.Policies.data.azurerm_subscription.current"
          ]
        }
      ]
    },
    {
      "module": "module.Policies",
      "mode": "managed",
      "type": "azurerm_policy_assignment",
      "name": "invalid_resource_types",
      "provider": "provider[\"registry.terraform.io/hashicorp/azurerm\"]",
      "instances": [
        {
          "index_key": 0,
          "schema_version": 0,
          "attributes": {
            "description": "",
            "display_name": "Not allowed resource types",
            "enforcement_mode": true,
            "id": "/subscriptions/773c2382-4ca2-4547-8889-14bd1d86df9d/providers/Microsoft.Authorization/policyAssignments/invalid_resource_types",
            "identity": [],
            "location": null,
            "metadata": "{\"createdBy\":\"6967fc77-8b03-445e-acdd-45d31bfaac25\",\"createdOn\":\"2022-11-09T02:58:58.8217632Z\",\"updatedBy\":null,\"updatedOn\":null}",
            "name": "invalid_resource_types",
            "not_scopes": null,
            "parameters": "{\"listOfResourceTypesNotAllowed\":{\"value\":[\"Microsoft.MixedReality\",\"Microsoft.Maps\",\"Microsoft.DataMigration\"]}}",
            "policy_definition_id": "/providers/Microsoft.Authorization/policyDefinitions/6c112d4e-5bc7-47ae-a041-ea2d9dccd749",
            "scope": "/subscriptions/773c2382-4ca2-4547-8889-14bd1d86df9d",
            "timeouts": null
          },
          "sensitive_attributes": [],
          "private": "eyJlMmJmYjczMC1lY2FhLTExZTYtOGY4OC0zNDM2M2JjN2M0YzAiOnsiY3JlYXRlIjoxODAwMDAwMDAwMDAwLCJkZWxldGUiOjE4MDAwMDAwMDAwMDAsInJlYWQiOjMwMDAwMDAwMDAwMCwidXBkYXRlIjoxODAwMDAwMDAwMDAwfX0=",
          "dependencies": [
            "module.Policies.data.azurerm_subscription.current"
          ]
        }
      ]
    },
    {
      "module": "module.Policies",
      "mode": "managed",
      "type": "azurerm_policy_assignment",
      "name": "networkwatcher_deploy",
      "provider": "provider[\"registry.terraform.io/hashicorp/azurerm\"]",
      "instances": [
        {
          "index_key": 0,
          "schema_version": 0,
          "attributes": {
            "description": "",
            "display_name": "Deploy network watcher when virtual networks are created",
            "enforcement_mode": true,
            "id": "/subscriptions/773c2382-4ca2-4547-8889-14bd1d86df9d/providers/Microsoft.Authorization/policyAssignments/nw_deploy",
            "identity": [
              {
                "principal_id": "448c8aa6-c4ce-4245-8ed5-e9c67a779a57",
                "tenant_id": "5a86393a-60e9-4ac7-ae4d-e7a3494a1e27",
                "type": "SystemAssigned"
              }
            ],
            "location": "canadacentral",
            "metadata": "{\"createdBy\":\"6967fc77-8b03-445e-acdd-45d31bfaac25\",\"createdOn\":\"2022-11-09T02:58:57.1456959Z\",\"updatedBy\":null,\"updatedOn\":null}",
            "name": "nw_deploy",
            "not_scopes": null,
            "parameters": null,
            "policy_definition_id": "/providers/Microsoft.Authorization/policyDefinitions/a9b99dd8-06c5-4317-8629-9d86a3c6e7d9",
            "scope": "/subscriptions/773c2382-4ca2-4547-8889-14bd1d86df9d",
            "timeouts": null
          },
          "sensitive_attributes": [],
          "private": "eyJlMmJmYjczMC1lY2FhLTExZTYtOGY4OC0zNDM2M2JjN2M0YzAiOnsiY3JlYXRlIjoxODAwMDAwMDAwMDAwLCJkZWxldGUiOjE4MDAwMDAwMDAwMDAsInJlYWQiOjMwMDAwMDAwMDAwMCwidXBkYXRlIjoxODAwMDAwMDAwMDAwfX0=",
          "dependencies": [
            "module.Policies.data.azurerm_subscription.current"
          ]
        }
      ]
    },
    {
      "module": "module.Policies",
      "mode": "managed",
      "type": "azurerm_policy_assignment",
      "name": "networkwatcher_enabled_audit",
      "provider": "provider[\"registry.terraform.io/hashicorp/azurerm\"]",
      "instances": [
        {
          "index_key": 0,
          "schema_version": 0,
          "attributes": {
            "description": "",
            "display_name": "Network Watcher should be enabled",
            "enforcement_mode": true,
            "id": "/subscriptions/773c2382-4ca2-4547-8889-14bd1d86df9d/providers/Microsoft.Authorization/policyAssignments/nw_enabled_audit",
            "identity": [],
            "location": null,
            "metadata": "{\"createdBy\":\"6967fc77-8b03-445e-acdd-45d31bfaac25\",\"createdOn\":\"2022-11-09T02:55:52.873337Z\",\"updatedBy\":null,\"updatedOn\":null}",
            "name": "nw_enabled_audit",
            "not_scopes": null,
            "parameters": "{\"listOfLocations\":{\"value\":[\"Canada Central\"]},\"resourceGroupName\":{\"value\":\"NetworkWatcherRG\"}}",
            "policy_definition_id": "/providers/Microsoft.Authorization/policyDefinitions/b6e2945c-0b7b-40f5-9233-7a5323b5cdc6",
            "scope": "/subscriptions/773c2382-4ca2-4547-8889-14bd1d86df9d",
            "timeouts": null
          },
          "sensitive_attributes": [],
          "private": "eyJlMmJmYjczMC1lY2FhLTExZTYtOGY4OC0zNDM2M2JjN2M0YzAiOnsiY3JlYXRlIjoxODAwMDAwMDAwMDAwLCJkZWxldGUiOjE4MDAwMDAwMDAwMDAsInJlYWQiOjMwMDAwMDAwMDAwMCwidXBkYXRlIjoxODAwMDAwMDAwMDAwfX0=",
          "dependencies": [
            "module.Policies.data.azurerm_subscription.current"
          ]
        }
      ]
    },
    {
      "module": "module.Policies",
      "mode": "managed",
      "type": "azurerm_policy_assignment",
      "name": "prevent_inbound_rdp",
      "provider": "provider[\"registry.terraform.io/hashicorp/azurerm\"]",
      "instances": [
        {
          "index_key": 0,
          "schema_version": 0,
          "attributes": {
            "description": "",
            "display_name": "Prevent Inbound RDP",
            "enforcement_mode": true,
            "id": "/subscriptions/773c2382-4ca2-4547-8889-14bd1d86df9d/providers/Microsoft.Authorization/policyAssignments/prevent_inbound_rdp",
            "identity": [],
            "location": null,
            "metadata": "{\"createdBy\":\"6967fc77-8b03-445e-acdd-45d31bfaac25\",\"createdOn\":\"2022-11-09T02:57:26.4812473Z\",\"updatedBy\":null,\"updatedOn\":null}",
            "name": "prevent_inbound_rdp",
            "not_scopes": null,
            "parameters": null,
            "policy_definition_id": "/providers/Microsoft.Authorization/policyDefinitions/e372f825-a257-4fb8-9175-797a8a8627d6",
            "scope": "/subscriptions/773c2382-4ca2-4547-8889-14bd1d86df9d",
            "timeouts": null
          },
          "sensitive_attributes": [],
          "private": "eyJlMmJmYjczMC1lY2FhLTExZTYtOGY4OC0zNDM2M2JjN2M0YzAiOnsiY3JlYXRlIjoxODAwMDAwMDAwMDAwLCJkZWxldGUiOjE4MDAwMDAwMDAwMDAsInJlYWQiOjMwMDAwMDAwMDAwMCwidXBkYXRlIjoxODAwMDAwMDAwMDAwfX0=",
          "dependencies": [
            "module.Policies.data.azurerm_subscription.current"
          ]
        }
      ]
    },
    {
      "module": "module.Policies",
      "mode": "managed",
      "type": "azurerm_policy_assignment",
      "name": "security_center_deploy",
      "provider": "provider[\"registry.terraform.io/hashicorp/azurerm\"]",
      "instances": [
        {
          "index_key": 0,
          "schema_version": 0,
          "attributes": {
            "description": "",
            "display_name": "Enable Azure Security Center on your subscription",
            "enforcement_mode": true,
            "id": "/subscriptions/773c2382-4ca2-4547-8889-14bd1d86df9d/providers/Microsoft.Authorization/policyAssignments/security_center_deploy",
            "identity": [
              {
                "principal_id": "4cffb52b-12fc-408b-9ae4-84ca78fd91b0",
                "tenant_id": "5a86393a-60e9-4ac7-ae4d-e7a3494a1e27",
                "type": "SystemAssigned"
              }
            ],
            "location": "canadacentral",
            "metadata": "{\"createdBy\":\"6967fc77-8b03-445e-acdd-45d31bfaac25\",\"createdOn\":\"2022-11-09T02:55:53.4156677Z\",\"updatedBy\":null,\"updatedOn\":null}",
            "name": "security_center_deploy",
            "not_scopes": null,
            "parameters": null,
            "policy_definition_id": "/providers/Microsoft.Authorization/policyDefinitions/ac076320-ddcf-4066-b451-6154267e8ad2",
            "scope": "/subscriptions/773c2382-4ca2-4547-8889-14bd1d86df9d",
            "timeouts": null
          },
          "sensitive_attributes": [],
          "private": "eyJlMmJmYjczMC1lY2FhLTExZTYtOGY4OC0zNDM2M2JjN2M0YzAiOnsiY3JlYXRlIjoxODAwMDAwMDAwMDAwLCJkZWxldGUiOjE4MDAwMDAwMDAwMDAsInJlYWQiOjMwMDAwMDAwMDAwMCwidXBkYXRlIjoxODAwMDAwMDAwMDAwfX0=",
          "dependencies": [
            "module.Policies.data.azurerm_subscription.current"
          ]
        }
      ]
    },
    {
      "module": "module.Policies",
      "mode": "managed",
      "type": "azurerm_policy_assignment",
      "name": "sql_encryption",
      "provider": "provider[\"registry.terraform.io/hashicorp/azurerm\"]",
      "instances": [
        {
          "index_key": 0,
          "schema_version": 0,
          "attributes": {
            "description": "",
            "display_name": "Deploy SQL DB transparent data encryption",
            "enforcement_mode": true,
            "id": "/subscriptions/773c2382-4ca2-4547-8889-14bd1d86df9d/providers/Microsoft.Authorization/policyAssignments/sql_encryption",
            "identity": [
              {
                "principal_id": "425017c6-dc13-491b-b6a3-f25a1eeb48e6",
                "tenant_id": "5a86393a-60e9-4ac7-ae4d-e7a3494a1e27",
                "type": "SystemAssigned"
              }
            ],
            "location": "canadacentral",
            "metadata": "{\"createdBy\":\"6967fc77-8b03-445e-acdd-45d31bfaac25\",\"createdOn\":\"2022-11-09T02:57:25.3210516Z\",\"updatedBy\":null,\"updatedOn\":null}",
            "name": "sql_encryption",
            "not_scopes": null,
            "parameters": null,
            "policy_definition_id": "/providers/Microsoft.Authorization/policyDefinitions/86a912f6-9a06-4e26-b447-11b16ba8659f",
            "scope": "/subscriptions/773c2382-4ca2-4547-8889-14bd1d86df9d",
            "timeouts": null
          },
          "sensitive_attributes": [],
          "private": "eyJlMmJmYjczMC1lY2FhLTExZTYtOGY4OC0zNDM2M2JjN2M0YzAiOnsiY3JlYXRlIjoxODAwMDAwMDAwMDAwLCJkZWxldGUiOjE4MDAwMDAwMDAwMDAsInJlYWQiOjMwMDAwMDAwMDAwMCwidXBkYXRlIjoxODAwMDAwMDAwMDAwfX0=",
          "dependencies": [
            "module.Policies.data.azurerm_subscription.current"
          ]
        }
      ]
    },
    {
      "module": "module.express_route[0]",
      "mode": "data",
      "type": "azurerm_resource_group",
      "name": "rg_gtwy",
      "provider": "provider[\"registry.terraform.io/hashicorp/azurerm\"]",
      "instances": [
        {
          "schema_version": 0,
          "attributes": {
            "id": "/subscriptions/773c2382-4ca2-4547-8889-14bd1d86df9d/resourceGroups/rg-prod-cac-vnet-hub",
            "location": "canadacentral",
            "name": "rg-prod-cac-vnet-hub",
            "tags": {},
            "timeouts": null
          },
          "sensitive_attributes": []
        }
      ]
    },
    {
      "module": "module.express_route[0]",
      "mode": "managed",
      "type": "azurerm_express_route_circuit",
      "name": "expressroute_circuit",
      "provider": "provider[\"registry.terraform.io/hashicorp/azurerm\"]",
      "instances": [
        {
          "schema_version": 0,
          "attributes": {
            "allow_classic_operations": false,
            "bandwidth_in_mbps": 50,
            "id": "/subscriptions/773c2382-4ca2-4547-8889-14bd1d86df9d/resourceGroups/rg-prod-cac-vnet-hub/providers/Microsoft.Network/expressRouteCircuits/erc-prod-cac-01",
            "location": "canadacentral",
            "name": "erc-prod-cac-01",
            "peering_location": "Toronto",
            "resource_group_name": "rg-prod-cac-vnet-hub",
            "service_key": "f2f69835-9cbd-43a5-b40e-54300db7ae36",
            "service_provider_name": "Cologix",
            "service_provider_provisioning_state": "NotProvisioned",
            "sku": [
              {
                "family": "MeteredData",
                "tier": "Standard"
              }
            ],
            "tags": {
              "CostCenter": "None",
              "Department": "IT",
              "Enviroment": "Production"
            },
            "timeouts": null
          },
          "sensitive_attributes": [],
          "private": "eyJlMmJmYjczMC1lY2FhLTExZTYtOGY4OC0zNDM2M2JjN2M0YzAiOnsiY3JlYXRlIjoxODAwMDAwMDAwMDAwLCJkZWxldGUiOjE4MDAwMDAwMDAwMDAsInJlYWQiOjMwMDAwMDAwMDAwMCwidXBkYXRlIjoxODAwMDAwMDAwMDAwfX0=",
          "dependencies": [
            "data.azurerm_subnet.GatewaySubnet",
            "module.express_route.data.azurerm_resource_group.rg_gtwy",
            "module.landingzone_virtual_network.azurerm_network_security_group.NSGs",
            "module.landingzone_virtual_network.azurerm_resource_group.networking_rg",
            "module.landingzone_virtual_network.azurerm_subnet.Subnets",
            "module.landingzone_virtual_network.azurerm_subnet_network_security_group_association.Associations",
            "module.landingzone_virtual_network.azurerm_virtual_network.landingzone_vnet"
          ]
        }
      ]
    },
    {
      "module": "module.express_route[0]",
      "mode": "managed",
      "type": "azurerm_public_ip",
      "name": "pub_ip",
      "provider": "provider[\"registry.terraform.io/hashicorp/azurerm\"]",
      "instances": [
        {
          "schema_version": 0,
          "attributes": {
            "allocation_method": "Dynamic",
            "domain_name_label": null,
            "fqdn": null,
            "id": "/subscriptions/773c2382-4ca2-4547-8889-14bd1d86df9d/resourceGroups/rg-prod-cac-vnet-hub/providers/Microsoft.Network/publicIPAddresses/ExpressRoute_Gateway_Pub_IP",
            "idle_timeout_in_minutes": 4,
            "ip_address": "",
            "ip_tags": null,
            "ip_version": "IPv4",
            "location": "canadacentral",
            "name": "ExpressRoute_Gateway_Pub_IP",
            "public_ip_prefix_id": null,
            "resource_group_name": "rg-prod-cac-vnet-hub",
            "reverse_fqdn": null,
            "sku": "Basic",
            "tags": {
              "CostCenter": "None",
              "Department": "IT",
              "Enviroment": "Production"
            },
            "timeouts": null,
            "zones": null
          },
          "sensitive_attributes": [],
          "private": "eyJlMmJmYjczMC1lY2FhLTExZTYtOGY4OC0zNDM2M2JjN2M0YzAiOnsiY3JlYXRlIjoxODAwMDAwMDAwMDAwLCJkZWxldGUiOjE4MDAwMDAwMDAwMDAsInJlYWQiOjMwMDAwMDAwMDAwMCwidXBkYXRlIjoxODAwMDAwMDAwMDAwfX0=",
          "dependencies": [
            "data.azurerm_subnet.GatewaySubnet",
            "module.express_route.data.azurerm_resource_group.rg_gtwy",
            "module.landingzone_virtual_network.azurerm_network_security_group.NSGs",
            "module.landingzone_virtual_network.azurerm_resource_group.networking_rg",
            "module.landingzone_virtual_network.azurerm_subnet.Subnets",
            "module.landingzone_virtual_network.azurerm_subnet_network_security_group_association.Associations",
            "module.landingzone_virtual_network.azurerm_virtual_network.landingzone_vnet"
          ]
        }
      ]
    },
    {
      "module": "module.express_route[0]",
      "mode": "managed",
      "type": "azurerm_virtual_network_gateway",
      "name": "vpngtwy",
      "provider": "provider[\"registry.terraform.io/hashicorp/azurerm\"]",
      "instances": [
        {
          "schema_version": 0,
          "attributes": {
            "active_active": false,
            "bgp_settings": [],
            "custom_route": [],
            "default_local_network_gateway_id": null,
            "enable_bgp": false,
            "generation": "None",
            "id": "/subscriptions/773c2382-4ca2-4547-8889-14bd1d86df9d/resourceGroups/rg-prod-cac-vnet-hub/providers/Microsoft.Network/virtualNetworkGateways/egw-prod-cac-01",
            "ip_configuration": [
              {
                "name": "vnetGatewayConfig",
                "private_ip_address_allocation": "Dynamic",
                "public_ip_address_id": "/subscriptions/773c2382-4ca2-4547-8889-14bd1d86df9d/resourceGroups/rg-prod-cac-vnet-hub/providers/Microsoft.Network/publicIPAddresses/ExpressRoute_Gateway_Pub_IP",
                "subnet_id": "/subscriptions/773c2382-4ca2-4547-8889-14bd1d86df9d/resourceGroups/rg-prod-cac-vnet-hub/providers/Microsoft.Network/virtualNetworks/Vnet-prod-cac-az-hub/subnets/GatewaySubnet"
              }
            ],
            "location": "canadacentral",
            "name": "egw-prod-cac-01",
            "private_ip_address_enabled": false,
            "resource_group_name": "rg-prod-cac-vnet-hub",
            "sku": "Standard",
            "tags": {
              "CostCenter": "None",
              "Department": "IT",
              "Enviroment": "Production"
            },
            "timeouts": null,
            "type": "ExpressRoute",
            "vpn_client_configuration": [],
            "vpn_type": "RouteBased"
          },
          "sensitive_attributes": [],
          "private": "eyJlMmJmYjczMC1lY2FhLTExZTYtOGY4OC0zNDM2M2JjN2M0YzAiOnsiY3JlYXRlIjozNjAwMDAwMDAwMDAwLCJkZWxldGUiOjM2MDAwMDAwMDAwMDAsInJlYWQiOjMwMDAwMDAwMDAwMCwidXBkYXRlIjozNjAwMDAwMDAwMDAwfX0=",
          "dependencies": [
            "data.azurerm_subnet.GatewaySubnet",
            "module.express_route.azurerm_public_ip.pub_ip",
            "module.express_route.data.azurerm_resource_group.rg_gtwy",
            "module.landingzone_virtual_network.azurerm_network_security_group.NSGs",
            "module.landingzone_virtual_network.azurerm_resource_group.networking_rg",
            "module.landingzone_virtual_network.azurerm_subnet.Subnets",
            "module.landingzone_virtual_network.azurerm_subnet_network_security_group_association.Associations",
            "module.landingzone_virtual_network.azurerm_virtual_network.landingzone_vnet"
          ]
        }
      ]
    },
    {
      "module": "module.identity[0]",
      "mode": "data",
      "type": "azurerm_client_config",
      "name": "current",
      "provider": "provider[\"registry.terraform.io/hashicorp/azurerm\"]",
      "instances": [
        {
          "schema_version": 0,
          "attributes": {
            "client_id": "04b07795-8ddb-461a-bbee-02f9e1bf7b46",
            "id": "2022-11-09 03:01:01.8770286 +0000 UTC",
            "object_id": "",
            "subscription_id": "773c2382-4ca2-4547-8889-14bd1d86df9d",
            "tenant_id": "5a86393a-60e9-4ac7-ae4d-e7a3494a1e27",
            "timeouts": null
          },
          "sensitive_attributes": []
        }
      ]
    },
    {
      "module": "module.identity[0]",
      "mode": "managed",
      "type": "azurerm_availability_set",
      "name": "dcavailset_name",
      "provider": "provider[\"registry.terraform.io/hashicorp/azurerm\"]",
      "instances": []
    },
    {
      "module": "module.identity[0]",
      "mode": "managed",
      "type": "azurerm_backup_policy_vm",
      "name": "dc_backup_policy",
      "provider": "provider[\"registry.terraform.io/hashicorp/azurerm\"]",
      "instances": [
        {
          "schema_version": 0,
          "attributes": {
            "backup": [
              {
                "frequency": "Daily",
                "time": "23:00",
                "weekdays": null
              }
            ],
            "id": "/subscriptions/773c2382-4ca2-4547-8889-14bd1d86df9d/resourceGroups/rg-prod-cac-dc/providers/Microsoft.RecoveryServices/vaults/rsv-dc-prod-cac-01/backupPolicies/DC_Backup_Policy",
            "instant_restore_retention_days": 2,
            "name": "DC_Backup_Policy",
            "recovery_vault_name": "rsv-dc-prod-cac-01",
            "resource_group_name": "rg-prod-cac-dc",
            "retention_daily": [
              {
                "count": 10
              }
            ],
            "retention_monthly": [
              {
                "count": 7,
                "weekdays": [
                  "Sunday",
                  "Wednesday"
                ],
                "weeks": [
                  "First",
                  "Last"
                ]
              }
            ],
            "retention_weekly": [
              {
                "count": 42,
                "weekdays": [
                  "Friday",
                  "Saturday",
                  "Sunday",
                  "Wednesday"
                ]
              }
            ],
            "retention_yearly": [
              {
                "count": 77,
                "months": [
                  "January"
                ],
                "weekdays": [
                  "Sunday"
                ],
                "weeks": [
                  "Last"
                ]
              }
            ],
            "tags": null,
            "timeouts": null,
            "timezone": "UTC"
          },
          "sensitive_attributes": [],
          "private": "eyJlMmJmYjczMC1lY2FhLTExZTYtOGY4OC0zNDM2M2JjN2M0YzAiOnsiY3JlYXRlIjoxODAwMDAwMDAwMDAwLCJkZWxldGUiOjE4MDAwMDAwMDAwMDAsInJlYWQiOjMwMDAwMDAwMDAwMCwidXBkYXRlIjoxODAwMDAwMDAwMDAwfX0=",
          "dependencies": [
            "module.identity.azurerm_recovery_services_vault.dcrecoveryvault",
            "module.identity.azurerm_resource_group.dcrg",
            "module.landingzone_virtual_network.azurerm_network_security_group.NSGs",
            "module.landingzone_virtual_network.azurerm_resource_group.networking_rg",
            "module.landingzone_virtual_network.azurerm_subnet.Subnets",
            "module.landingzone_virtual_network.azurerm_subnet_network_security_group_association.Associations",
            "module.landingzone_virtual_network.azurerm_virtual_network.landingzone_vnet"
          ]
        }
      ]
    },
    {
      "module": "module.identity[0]",
      "mode": "managed",
      "type": "azurerm_key_vault",
      "name": "dckeyvault",
      "provider": "provider[\"registry.terraform.io/hashicorp/azurerm\"]",
      "instances": [
        {
          "schema_version": 2,
          "attributes": {
            "access_policy": [],
            "contact": [],
            "enable_rbac_authorization": false,
            "enabled_for_deployment": false,
            "enabled_for_disk_encryption": false,
            "enabled_for_template_deployment": false,
            "id": "/subscriptions/773c2382-4ca2-4547-8889-14bd1d86df9d/resourceGroups/rg-prod-cac-dc/providers/Microsoft.KeyVault/vaults/kv-prod-cac-01",
            "location": "canadacentral",
            "name": "kv-prod-cac-01",
            "network_acls": [
              {
                "bypass": "AzureServices",
                "default_action": "Allow",
                "ip_rules": [],
                "virtual_network_subnet_ids": []
              }
            ],
            "purge_protection_enabled": false,
            "resource_group_name": "rg-prod-cac-dc",
            "sku_name": "standard",
            "soft_delete_enabled": true,
            "soft_delete_retention_days": 7,
            "tags": {
              "AppOwner": "IT",
              "Backup": "yes",
              "CostCenter": "None",
              "Department": "IT",
              "Env": "prod",
              "Enviroment": "production",
              "Schedule": "24x7"
            },
            "tenant_id": "5a86393a-60e9-4ac7-ae4d-e7a3494a1e27",
            "timeouts": null,
            "vault_uri": "https://kv-prod-cac-01.vault.azure.net/"
          },
          "sensitive_attributes": [],
          "private": "eyJlMmJmYjczMC1lY2FhLTExZTYtOGY4OC0zNDM2M2JjN2M0YzAiOnsiY3JlYXRlIjoxODAwMDAwMDAwMDAwLCJkZWxldGUiOjE4MDAwMDAwMDAwMDAsInJlYWQiOjMwMDAwMDAwMDAwMCwidXBkYXRlIjoxODAwMDAwMDAwMDAwfSwic2NoZW1hX3ZlcnNpb24iOiIyIn0=",
          "dependencies": [
            "module.identity.azurerm_resource_group.dcrg",
            "module.identity.data.azurerm_client_config.current",
            "module.identity.random_id.kv",
            "module.landingzone_virtual_network.azurerm_network_security_group.NSGs",
            "module.landingzone_virtual_network.azurerm_resource_group.networking_rg",
            "module.landingzone_virtual_network.azurerm_subnet.Subnets",
            "module.landingzone_virtual_network.azurerm_subnet_network_security_group_association.Associations",
            "module.landingzone_virtual_network.azurerm_virtual_network.landingzone_vnet"
          ]
        }
      ]
    },
    {
      "module": "module.identity[0]",
      "mode": "managed",
      "type": "azurerm_managed_disk",
      "name": "dc01datadisk",
      "provider": "provider[\"registry.terraform.io/hashicorp/azurerm\"]",
      "instances": [
        {
          "schema_version": 0,
          "attributes": {
            "create_option": "Empty",
            "disk_access_id": "",
            "disk_encryption_set_id": "",
            "disk_iops_read_write": 500,
            "disk_mbps_read_write": 60,
            "disk_size_gb": 64,
            "encryption_settings": [],
            "id": "/subscriptions/773c2382-4ca2-4547-8889-14bd1d86df9d/resourceGroups/rg-prod-cac-dc/providers/Microsoft.Compute/disks/vm-prd-cac-dc01-disk1",
            "image_reference_id": "",
            "location": "canadacentral",
            "name": "vm-prd-cac-dc01-disk1",
            "network_access_policy": null,
            "os_type": "",
            "resource_group_name": "rg-prod-cac-dc",
            "source_resource_id": "",
            "source_uri": "",
            "storage_account_id": "",
            "storage_account_type": "Standard_LRS",
            "tags": {
              "AppOwner": "IT",
              "Backup": "yes",
              "Env": "prod",
              "Schedule": "24x7"
            },
            "timeouts": null,
            "zones": null
          },
          "sensitive_attributes": [],
          "private": "eyJlMmJmYjczMC1lY2FhLTExZTYtOGY4OC0zNDM2M2JjN2M0YzAiOnsiY3JlYXRlIjoxODAwMDAwMDAwMDAwLCJkZWxldGUiOjE4MDAwMDAwMDAwMDAsInJlYWQiOjMwMDAwMDAwMDAwMCwidXBkYXRlIjoxODAwMDAwMDAwMDAwfX0=",
          "dependencies": [
            "module.identity.azurerm_resource_group.dcrg",
            "module.landingzone_virtual_network.azurerm_network_security_group.NSGs",
            "module.landingzone_virtual_network.azurerm_resource_group.networking_rg",
            "module.landingzone_virtual_network.azurerm_subnet.Subnets",
            "module.landingzone_virtual_network.azurerm_subnet_network_security_group_association.Associations",
            "module.landingzone_virtual_network.azurerm_virtual_network.landingzone_vnet"
          ]
        }
      ]
    },
    {
      "module": "module.identity[0]",
      "mode": "managed",
      "type": "azurerm_network_interface",
      "name": "dc01nic",
      "provider": "provider[\"registry.terraform.io/hashicorp/azurerm\"]",
      "instances": [
        {
          "schema_version": 0,
          "attributes": {
            "applied_dns_servers": [],
            "dns_servers": [],
            "enable_accelerated_networking": false,
            "enable_ip_forwarding": false,
            "id": "/subscriptions/773c2382-4ca2-4547-8889-14bd1d86df9d/resourceGroups/rg-prod-cac-dc/providers/Microsoft.Network/networkInterfaces/nic-vm-prd-cac-dc1",
            "internal_dns_name_label": "",
            "internal_domain_name_suffix": "cteygm2bhiiufnqiiqbtihhbqe.ux.internal.cloudapp.net",
            "ip_configuration": [
              {
                "name": "internal",
                "primary": true,
                "private_ip_address": "172.21.0.132",
                "private_ip_address_allocation": "Static",
                "private_ip_address_version": "IPv4",
                "public_ip_address_id": "",
                "subnet_id": "/subscriptions/773c2382-4ca2-4547-8889-14bd1d86df9d/resourceGroups/rg-prod-cac-vnet-hub/providers/Microsoft.Network/virtualNetworks/Vnet-prod-cac-az-hub/subnets/snet-dc-prod-cac-az"
              }
            ],
            "location": "canadacentral",
            "mac_address": "",
            "name": "nic-vm-prd-cac-dc1",
            "private_ip_address": "172.21.0.132",
            "private_ip_addresses": [
              "172.21.0.132"
            ],
            "resource_group_name": "rg-prod-cac-dc",
            "tags": {
              "AppOwner": "IT",
              "Backup": "yes",
              "Env": "prod",
              "Schedule": "24x7"
            },
            "timeouts": null,
            "virtual_machine_id": ""
          },
          "sensitive_attributes": [],
          "private": "eyJlMmJmYjczMC1lY2FhLTExZTYtOGY4OC0zNDM2M2JjN2M0YzAiOnsiY3JlYXRlIjoxODAwMDAwMDAwMDAwLCJkZWxldGUiOjE4MDAwMDAwMDAwMDAsInJlYWQiOjMwMDAwMDAwMDAwMCwidXBkYXRlIjoxODAwMDAwMDAwMDAwfX0=",
          "dependencies": [
            "data.azurerm_subnet.dc_subnet",
            "module.identity.azurerm_resource_group.dcrg",
            "module.landingzone_virtual_network.azurerm_network_security_group.NSGs",
            "module.landingzone_virtual_network.azurerm_resource_group.networking_rg",
            "module.landingzone_virtual_network.azurerm_subnet.Subnets",
            "module.landingzone_virtual_network.azurerm_subnet_network_security_group_association.Associations",
            "module.landingzone_virtual_network.azurerm_virtual_network.landingzone_vnet"
          ]
        }
      ]
    },
    {
      "module": "module.identity[0]",
      "mode": "managed",
      "type": "azurerm_recovery_services_vault",
      "name": "dcrecoveryvault",
      "provider": "provider[\"registry.terraform.io/hashicorp/azurerm\"]",
      "instances": [
        {
          "schema_version": 0,
          "attributes": {
            "id": "/subscriptions/773c2382-4ca2-4547-8889-14bd1d86df9d/resourceGroups/rg-prod-cac-dc/providers/Microsoft.RecoveryServices/vaults/rsv-dc-prod-cac-01",
            "identity": [],
            "location": "canadacentral",
            "name": "rsv-dc-prod-cac-01",
            "resource_group_name": "rg-prod-cac-dc",
            "sku": "Standard",
            "soft_delete_enabled": false,
            "tags": {
              "AppOwner": "IT",
              "Backup": "yes",
              "CostCenter": "None",
              "Department": "IT",
              "Env": "prod",
              "Enviroment": "production",
              "Schedule": "24x7"
            },
            "timeouts": null
          },
          "sensitive_attributes": [],
          "private": "eyJlMmJmYjczMC1lY2FhLTExZTYtOGY4OC0zNDM2M2JjN2M0YzAiOnsiY3JlYXRlIjoxODAwMDAwMDAwMDAwLCJkZWxldGUiOjE4MDAwMDAwMDAwMDAsInJlYWQiOjMwMDAwMDAwMDAwMCwidXBkYXRlIjoxODAwMDAwMDAwMDAwfX0=",
          "dependencies": [
            "module.identity.azurerm_resource_group.dcrg",
            "module.landingzone_virtual_network.azurerm_network_security_group.NSGs",
            "module.landingzone_virtual_network.azurerm_resource_group.networking_rg",
            "module.landingzone_virtual_network.azurerm_subnet.Subnets",
            "module.landingzone_virtual_network.azurerm_subnet_network_security_group_association.Associations",
            "module.landingzone_virtual_network.azurerm_virtual_network.landingzone_vnet"
          ]
        }
      ]
    },
    {
      "module": "module.identity[0]",
      "mode": "managed",
      "type": "azurerm_resource_group",
      "name": "dcrg",
      "provider": "provider[\"registry.terraform.io/hashicorp/azurerm\"]",
      "instances": [
        {
          "schema_version": 0,
          "attributes": {
            "id": "/subscriptions/773c2382-4ca2-4547-8889-14bd1d86df9d/resourceGroups/rg-prod-cac-dc",
            "location": "canadacentral",
            "name": "rg-prod-cac-dc",
            "tags": {
              "AppOwner": "IT",
              "Application": "DC",
              "Backup": "yes",
              "Env": "prod",
              "Schedule": "24x7"
            },
            "timeouts": null
          },
          "sensitive_attributes": [],
          "private": "eyJlMmJmYjczMC1lY2FhLTExZTYtOGY4OC0zNDM2M2JjN2M0YzAiOnsiY3JlYXRlIjo1NDAwMDAwMDAwMDAwLCJkZWxldGUiOjU0MDAwMDAwMDAwMDAsInJlYWQiOjMwMDAwMDAwMDAwMCwidXBkYXRlIjo1NDAwMDAwMDAwMDAwfX0=",
          "dependencies": [
            "module.landingzone_virtual_network.azurerm_network_security_group.NSGs",
            "module.landingzone_virtual_network.azurerm_resource_group.networking_rg",
            "module.landingzone_virtual_network.azurerm_subnet.Subnets",
            "module.landingzone_virtual_network.azurerm_subnet_network_security_group_association.Associations",
            "module.landingzone_virtual_network.azurerm_virtual_network.landingzone_vnet"
          ]
        }
      ]
    },
    {
      "module": "module.identity[0]",
      "mode": "managed",
      "type": "azurerm_windows_virtual_machine",
      "name": "dc01vm",
      "provider": "provider[\"registry.terraform.io/hashicorp/azurerm\"]",
      "instances": []
    },
    {
      "module": "module.identity[0]",
      "mode": "managed",
      "type": "random_id",
      "name": "kv",
      "provider": "provider[\"registry.terraform.io/hashicorp/random\"]",
      "instances": [
        {
          "schema_version": 0,
          "attributes": {
            "b64_std": "kv-ident-DFw4nEej",
            "b64_url": "kv-ident-DFw4nEej",
            "byte_length": 6,
            "dec": "kv-ident-13590226290595",
            "hex": "kv-ident-0c5c389c47a3",
            "id": "DFw4nEej",
            "keepers": null,
            "prefix": "kv-ident-"
          },
          "sensitive_attributes": [],
          "dependencies": [
            "module.landingzone_virtual_network.azurerm_network_security_group.NSGs",
            "module.landingzone_virtual_network.azurerm_resource_group.networking_rg",
            "module.landingzone_virtual_network.azurerm_subnet.Subnets",
            "module.landingzone_virtual_network.azurerm_subnet_network_security_group_association.Associations",
            "module.landingzone_virtual_network.azurerm_virtual_network.landingzone_vnet"
          ]
        }
      ]
    },
    {
      "module": "module.identity[0]",
      "mode": "managed",
      "type": "random_id",
      "name": "st",
      "provider": "provider[\"registry.terraform.io/hashicorp/random\"]",
      "instances": [
        {
          "schema_version": 0,
          "attributes": {
            "b64_std": "st-ident-zd0H2cpJ",
            "b64_url": "st-ident-zd0H2cpJ",
            "byte_length": 6,
            "dec": "st-ident-226349203180105",
            "hex": "st-ident-cddd07d9ca49",
            "id": "zd0H2cpJ",
            "keepers": null,
            "prefix": "st-ident-"
          },
          "sensitive_attributes": [],
          "dependencies": [
            "module.landingzone_virtual_network.azurerm_network_security_group.NSGs",
            "module.landingzone_virtual_network.azurerm_resource_group.networking_rg",
            "module.landingzone_virtual_network.azurerm_subnet.Subnets",
            "module.landingzone_virtual_network.azurerm_subnet_network_security_group_association.Associations",
            "module.landingzone_virtual_network.azurerm_virtual_network.landingzone_vnet"
          ]
        }
      ]
    },
    {
      "module": "module.landingzone_virtual_network",
      "mode": "managed",
      "type": "azurerm_network_security_group",
      "name": "NSGs",
      "provider": "provider[\"registry.terraform.io/hashicorp/azurerm\"]",
      "instances": [
        {
          "index_key": "snet-dc-prod-cac-az",
          "schema_version": 0,
          "attributes": {
            "id": "/subscriptions/773c2382-4ca2-4547-8889-14bd1d86df9d/resourceGroups/rg-prod-cac-vnet-hub/providers/Microsoft.Network/networkSecurityGroups/NSG_snet-dc-prod-cac-az",
            "location": "canadacentral",
            "name": "NSG_snet-dc-prod-cac-az",
            "resource_group_name": "rg-prod-cac-vnet-hub",
            "security_rule": [],
            "tags": null,
            "timeouts": null
          },
          "sensitive_attributes": [],
          "private": "eyJlMmJmYjczMC1lY2FhLTExZTYtOGY4OC0zNDM2M2JjN2M0YzAiOnsiY3JlYXRlIjoxODAwMDAwMDAwMDAwLCJkZWxldGUiOjE4MDAwMDAwMDAwMDAsInJlYWQiOjMwMDAwMDAwMDAwMCwidXBkYXRlIjoxODAwMDAwMDAwMDAwfX0=",
          "dependencies": [
            "module.landingzone_virtual_network.azurerm_resource_group.networking_rg"
          ]
        },
        {
          "index_key": "snet-fwdiag-prod-cac-az",
          "schema_version": 0,
          "attributes": {
            "id": "/subscriptions/773c2382-4ca2-4547-8889-14bd1d86df9d/resourceGroups/rg-prod-cac-vnet-hub/providers/Microsoft.Network/networkSecurityGroups/NSG_snet-fwdiag-prod-cac-az",
            "location": "canadacentral",
            "name": "NSG_snet-fwdiag-prod-cac-az",
            "resource_group_name": "rg-prod-cac-vnet-hub",
            "security_rule": [],
            "tags": null,
            "timeouts": null
          },
          "sensitive_attributes": [],
          "private": "eyJlMmJmYjczMC1lY2FhLTExZTYtOGY4OC0zNDM2M2JjN2M0YzAiOnsiY3JlYXRlIjoxODAwMDAwMDAwMDAwLCJkZWxldGUiOjE4MDAwMDAwMDAwMDAsInJlYWQiOjMwMDAwMDAwMDAwMCwidXBkYXRlIjoxODAwMDAwMDAwMDAwfX0=",
          "dependencies": [
            "module.landingzone_virtual_network.azurerm_resource_group.networking_rg"
          ]
        },
        {
          "index_key": "snet-fwmgm-prod-cac-az",
          "schema_version": 0,
          "attributes": {
            "id": "/subscriptions/773c2382-4ca2-4547-8889-14bd1d86df9d/resourceGroups/rg-prod-cac-vnet-hub/providers/Microsoft.Network/networkSecurityGroups/NSG_snet-fwmgm-prod-cac-az",
            "location": "canadacentral",
            "name": "NSG_snet-fwmgm-prod-cac-az",
            "resource_group_name": "rg-prod-cac-vnet-hub",
            "security_rule": [],
            "tags": null,
            "timeouts": null
          },
          "sensitive_attributes": [],
          "private": "eyJlMmJmYjczMC1lY2FhLTExZTYtOGY4OC0zNDM2M2JjN2M0YzAiOnsiY3JlYXRlIjoxODAwMDAwMDAwMDAwLCJkZWxldGUiOjE4MDAwMDAwMDAwMDAsInJlYWQiOjMwMDAwMDAwMDAwMCwidXBkYXRlIjoxODAwMDAwMDAwMDAwfX0=",
          "dependencies": [
            "module.landingzone_virtual_network.azurerm_resource_group.networking_rg"
          ]
        },
        {
          "index_key": "snet-fwpriv-prod-cac-az",
          "schema_version": 0,
          "attributes": {
            "id": "/subscriptions/773c2382-4ca2-4547-8889-14bd1d86df9d/resourceGroups/rg-prod-cac-vnet-hub/providers/Microsoft.Network/networkSecurityGroups/NSG_snet-fwpriv-prod-cac-az",
            "location": "canadacentral",
            "name": "NSG_snet-fwpriv-prod-cac-az",
            "resource_group_name": "rg-prod-cac-vnet-hub",
            "security_rule": [],
            "tags": null,
            "timeouts": null
          },
          "sensitive_attributes": [],
          "private": "eyJlMmJmYjczMC1lY2FhLTExZTYtOGY4OC0zNDM2M2JjN2M0YzAiOnsiY3JlYXRlIjoxODAwMDAwMDAwMDAwLCJkZWxldGUiOjE4MDAwMDAwMDAwMDAsInJlYWQiOjMwMDAwMDAwMDAwMCwidXBkYXRlIjoxODAwMDAwMDAwMDAwfX0=",
          "dependencies": [
            "module.landingzone_virtual_network.azurerm_resource_group.networking_rg"
          ]
        },
        {
          "index_key": "snet-fwpub-prod-cac-az",
          "schema_version": 0,
          "attributes": {
            "id": "/subscriptions/773c2382-4ca2-4547-8889-14bd1d86df9d/resourceGroups/rg-prod-cac-vnet-hub/providers/Microsoft.Network/networkSecurityGroups/NSG_snet-fwpub-prod-cac-az",
            "location": "canadacentral",
            "name": "NSG_snet-fwpub-prod-cac-az",
            "resource_group_name": "rg-prod-cac-vnet-hub",
            "security_rule": [],
            "tags": null,
            "timeouts": null
          },
          "sensitive_attributes": [],
          "private": "eyJlMmJmYjczMC1lY2FhLTExZTYtOGY4OC0zNDM2M2JjN2M0YzAiOnsiY3JlYXRlIjoxODAwMDAwMDAwMDAwLCJkZWxldGUiOjE4MDAwMDAwMDAwMDAsInJlYWQiOjMwMDAwMDAwMDAwMCwidXBkYXRlIjoxODAwMDAwMDAwMDAwfX0=",
          "dependencies": [
            "module.landingzone_virtual_network.azurerm_resource_group.networking_rg"
          ]
        }
      ]
    },
    {
      "module": "module.landingzone_virtual_network",
      "mode": "managed",
      "type": "azurerm_resource_group",
      "name": "networking_rg",
      "provider": "provider[\"registry.terraform.io/hashicorp/azurerm\"]",
      "instances": [
        {
          "schema_version": 0,
          "attributes": {
            "id": "/subscriptions/773c2382-4ca2-4547-8889-14bd1d86df9d/resourceGroups/rg-prod-cac-vnet-hub",
            "location": "canadacentral",
            "name": "rg-prod-cac-vnet-hub",
            "tags": null,
            "timeouts": null
          },
          "sensitive_attributes": [],
          "private": "eyJlMmJmYjczMC1lY2FhLTExZTYtOGY4OC0zNDM2M2JjN2M0YzAiOnsiY3JlYXRlIjo1NDAwMDAwMDAwMDAwLCJkZWxldGUiOjU0MDAwMDAwMDAwMDAsInJlYWQiOjMwMDAwMDAwMDAwMCwidXBkYXRlIjo1NDAwMDAwMDAwMDAwfX0="
        }
      ]
    },
    {
      "module": "module.landingzone_virtual_network",
      "mode": "managed",
      "type": "azurerm_subnet",
      "name": "Subnets",
      "provider": "provider[\"registry.terraform.io/hashicorp/azurerm\"]",
      "instances": [
        {
          "index_key": "AzureBastionSubnet",
          "schema_version": 0,
          "attributes": {
            "address_prefix": "172.21.0.64/26",
            "address_prefixes": [
              "172.21.0.64/26"
            ],
            "delegation": [],
            "enforce_private_link_endpoint_network_policies": false,
            "enforce_private_link_service_network_policies": false,
            "id": "/subscriptions/773c2382-4ca2-4547-8889-14bd1d86df9d/resourceGroups/rg-prod-cac-vnet-hub/providers/Microsoft.Network/virtualNetworks/Vnet-prod-cac-az-hub/subnets/AzureBastionSubnet",
            "name": "AzureBastionSubnet",
            "resource_group_name": "rg-prod-cac-vnet-hub",
            "service_endpoint_policy_ids": null,
            "service_endpoints": null,
            "timeouts": null,
            "virtual_network_name": "Vnet-prod-cac-az-hub"
          },
          "sensitive_attributes": [],
          "private": "eyJlMmJmYjczMC1lY2FhLTExZTYtOGY4OC0zNDM2M2JjN2M0YzAiOnsiY3JlYXRlIjoxODAwMDAwMDAwMDAwLCJkZWxldGUiOjE4MDAwMDAwMDAwMDAsInJlYWQiOjMwMDAwMDAwMDAwMCwidXBkYXRlIjoxODAwMDAwMDAwMDAwfX0=",
          "dependencies": [
            "module.landingzone_virtual_network.azurerm_resource_group.networking_rg",
            "module.landingzone_virtual_network.azurerm_virtual_network.landingzone_vnet"
          ]
        },
        {
          "index_key": "GatewaySubnet",
          "schema_version": 0,
          "attributes": {
            "address_prefix": "172.21.0.0/26",
            "address_prefixes": [
              "172.21.0.0/26"
            ],
            "delegation": [],
            "enforce_private_link_endpoint_network_policies": false,
            "enforce_private_link_service_network_policies": false,
            "id": "/subscriptions/773c2382-4ca2-4547-8889-14bd1d86df9d/resourceGroups/rg-prod-cac-vnet-hub/providers/Microsoft.Network/virtualNetworks/Vnet-prod-cac-az-hub/subnets/GatewaySubnet",
            "name": "GatewaySubnet",
            "resource_group_name": "rg-prod-cac-vnet-hub",
            "service_endpoint_policy_ids": null,
            "service_endpoints": null,
            "timeouts": null,
            "virtual_network_name": "Vnet-prod-cac-az-hub"
          },
          "sensitive_attributes": [],
          "private": "eyJlMmJmYjczMC1lY2FhLTExZTYtOGY4OC0zNDM2M2JjN2M0YzAiOnsiY3JlYXRlIjoxODAwMDAwMDAwMDAwLCJkZWxldGUiOjE4MDAwMDAwMDAwMDAsInJlYWQiOjMwMDAwMDAwMDAwMCwidXBkYXRlIjoxODAwMDAwMDAwMDAwfX0=",
          "dependencies": [
            "module.landingzone_virtual_network.azurerm_resource_group.networking_rg",
            "module.landingzone_virtual_network.azurerm_virtual_network.landingzone_vnet"
          ]
        },
        {
          "index_key": "snet-dc-prod-cac-az",
          "schema_version": 0,
          "attributes": {
            "address_prefix": "172.21.0.128/26",
            "address_prefixes": [
              "172.21.0.128/26"
            ],
            "delegation": [],
            "enforce_private_link_endpoint_network_policies": false,
            "enforce_private_link_service_network_policies": false,
            "id": "/subscriptions/773c2382-4ca2-4547-8889-14bd1d86df9d/resourceGroups/rg-prod-cac-vnet-hub/providers/Microsoft.Network/virtualNetworks/Vnet-prod-cac-az-hub/subnets/snet-dc-prod-cac-az",
            "name": "snet-dc-prod-cac-az",
            "resource_group_name": "rg-prod-cac-vnet-hub",
            "service_endpoint_policy_ids": null,
            "service_endpoints": null,
            "timeouts": null,
            "virtual_network_name": "Vnet-prod-cac-az-hub"
          },
          "sensitive_attributes": [],
          "private": "eyJlMmJmYjczMC1lY2FhLTExZTYtOGY4OC0zNDM2M2JjN2M0YzAiOnsiY3JlYXRlIjoxODAwMDAwMDAwMDAwLCJkZWxldGUiOjE4MDAwMDAwMDAwMDAsInJlYWQiOjMwMDAwMDAwMDAwMCwidXBkYXRlIjoxODAwMDAwMDAwMDAwfX0=",
          "dependencies": [
            "module.landingzone_virtual_network.azurerm_resource_group.networking_rg",
            "module.landingzone_virtual_network.azurerm_virtual_network.landingzone_vnet"
          ]
        },
        {
          "index_key": "snet-fwdiag-prod-cac-az",
          "schema_version": 0,
          "attributes": {
            "address_prefix": "172.21.1.64/26",
            "address_prefixes": [
              "172.21.1.64/26"
            ],
            "delegation": [],
            "enforce_private_link_endpoint_network_policies": false,
            "enforce_private_link_service_network_policies": false,
            "id": "/subscriptions/773c2382-4ca2-4547-8889-14bd1d86df9d/resourceGroups/rg-prod-cac-vnet-hub/providers/Microsoft.Network/virtualNetworks/Vnet-prod-cac-az-hub/subnets/snet-fwdiag-prod-cac-az",
            "name": "snet-fwdiag-prod-cac-az",
            "resource_group_name": "rg-prod-cac-vnet-hub",
            "service_endpoint_policy_ids": null,
            "service_endpoints": null,
            "timeouts": null,
            "virtual_network_name": "Vnet-prod-cac-az-hub"
          },
          "sensitive_attributes": [],
          "private": "eyJlMmJmYjczMC1lY2FhLTExZTYtOGY4OC0zNDM2M2JjN2M0YzAiOnsiY3JlYXRlIjoxODAwMDAwMDAwMDAwLCJkZWxldGUiOjE4MDAwMDAwMDAwMDAsInJlYWQiOjMwMDAwMDAwMDAwMCwidXBkYXRlIjoxODAwMDAwMDAwMDAwfX0=",
          "dependencies": [
            "module.landingzone_virtual_network.azurerm_resource_group.networking_rg",
            "module.landingzone_virtual_network.azurerm_virtual_network.landingzone_vnet"
          ]
        },
        {
          "index_key": "snet-fwmgm-prod-cac-az",
          "schema_version": 0,
          "attributes": {
            "address_prefix": "172.21.1.0/26",
            "address_prefixes": [
              "172.21.1.0/26"
            ],
            "delegation": [],
            "enforce_private_link_endpoint_network_policies": false,
            "enforce_private_link_service_network_policies": false,
            "id": "/subscriptions/773c2382-4ca2-4547-8889-14bd1d86df9d/resourceGroups/rg-prod-cac-vnet-hub/providers/Microsoft.Network/virtualNetworks/Vnet-prod-cac-az-hub/subnets/snet-fwmgm-prod-cac-az",
            "name": "snet-fwmgm-prod-cac-az",
            "resource_group_name": "rg-prod-cac-vnet-hub",
            "service_endpoint_policy_ids": null,
            "service_endpoints": null,
            "timeouts": null,
            "virtual_network_name": "Vnet-prod-cac-az-hub"
          },
          "sensitive_attributes": [],
          "private": "eyJlMmJmYjczMC1lY2FhLTExZTYtOGY4OC0zNDM2M2JjN2M0YzAiOnsiY3JlYXRlIjoxODAwMDAwMDAwMDAwLCJkZWxldGUiOjE4MDAwMDAwMDAwMDAsInJlYWQiOjMwMDAwMDAwMDAwMCwidXBkYXRlIjoxODAwMDAwMDAwMDAwfX0=",
          "dependencies": [
            "module.landingzone_virtual_network.azurerm_resource_group.networking_rg",
            "module.landingzone_virtual_network.azurerm_virtual_network.landingzone_vnet"
          ]
        },
        {
          "index_key": "snet-fwpriv-prod-cac-az",
          "schema_version": 0,
          "attributes": {
            "address_prefix": "172.21.1.192/26",
            "address_prefixes": [
              "172.21.1.192/26"
            ],
            "delegation": [],
            "enforce_private_link_endpoint_network_policies": false,
            "enforce_private_link_service_network_policies": false,
            "id": "/subscriptions/773c2382-4ca2-4547-8889-14bd1d86df9d/resourceGroups/rg-prod-cac-vnet-hub/providers/Microsoft.Network/virtualNetworks/Vnet-prod-cac-az-hub/subnets/snet-fwpriv-prod-cac-az",
            "name": "snet-fwpriv-prod-cac-az",
            "resource_group_name": "rg-prod-cac-vnet-hub",
            "service_endpoint_policy_ids": null,
            "service_endpoints": null,
            "timeouts": null,
            "virtual_network_name": "Vnet-prod-cac-az-hub"
          },
          "sensitive_attributes": [],
          "private": "eyJlMmJmYjczMC1lY2FhLTExZTYtOGY4OC0zNDM2M2JjN2M0YzAiOnsiY3JlYXRlIjoxODAwMDAwMDAwMDAwLCJkZWxldGUiOjE4MDAwMDAwMDAwMDAsInJlYWQiOjMwMDAwMDAwMDAwMCwidXBkYXRlIjoxODAwMDAwMDAwMDAwfX0=",
          "dependencies": [
            "module.landingzone_virtual_network.azurerm_resource_group.networking_rg",
            "module.landingzone_virtual_network.azurerm_virtual_network.landingzone_vnet"
          ]
        },
        {
          "index_key": "snet-fwpub-prod-cac-az",
          "schema_version": 0,
          "attributes": {
            "address_prefix": "172.21.1.128/26",
            "address_prefixes": [
              "172.21.1.128/26"
            ],
            "delegation": [],
            "enforce_private_link_endpoint_network_policies": false,
            "enforce_private_link_service_network_policies": false,
            "id": "/subscriptions/773c2382-4ca2-4547-8889-14bd1d86df9d/resourceGroups/rg-prod-cac-vnet-hub/providers/Microsoft.Network/virtualNetworks/Vnet-prod-cac-az-hub/subnets/snet-fwpub-prod-cac-az",
            "name": "snet-fwpub-prod-cac-az",
            "resource_group_name": "rg-prod-cac-vnet-hub",
            "service_endpoint_policy_ids": null,
            "service_endpoints": null,
            "timeouts": null,
            "virtual_network_name": "Vnet-prod-cac-az-hub"
          },
          "sensitive_attributes": [],
          "private": "eyJlMmJmYjczMC1lY2FhLTExZTYtOGY4OC0zNDM2M2JjN2M0YzAiOnsiY3JlYXRlIjoxODAwMDAwMDAwMDAwLCJkZWxldGUiOjE4MDAwMDAwMDAwMDAsInJlYWQiOjMwMDAwMDAwMDAwMCwidXBkYXRlIjoxODAwMDAwMDAwMDAwfX0=",
          "dependencies": [
            "module.landingzone_virtual_network.azurerm_resource_group.networking_rg",
            "module.landingzone_virtual_network.azurerm_virtual_network.landingzone_vnet"
          ]
        }
      ]
    },
    {
      "module": "module.landingzone_virtual_network",
      "mode": "managed",
      "type": "azurerm_subnet_network_security_group_association",
      "name": "Associations",
      "provider": "provider[\"registry.terraform.io/hashicorp/azurerm\"]",
      "instances": [
        {
          "index_key": "snet-dc-prod-cac-az",
          "schema_version": 0,
          "attributes": {
            "id": "/subscriptions/773c2382-4ca2-4547-8889-14bd1d86df9d/resourceGroups/rg-prod-cac-vnet-hub/providers/Microsoft.Network/virtualNetworks/Vnet-prod-cac-az-hub/subnets/snet-dc-prod-cac-az",
            "network_security_group_id": "/subscriptions/773c2382-4ca2-4547-8889-14bd1d86df9d/resourceGroups/rg-prod-cac-vnet-hub/providers/Microsoft.Network/networkSecurityGroups/NSG_snet-dc-prod-cac-az",
            "subnet_id": "/subscriptions/773c2382-4ca2-4547-8889-14bd1d86df9d/resourceGroups/rg-prod-cac-vnet-hub/providers/Microsoft.Network/virtualNetworks/Vnet-prod-cac-az-hub/subnets/snet-dc-prod-cac-az",
            "timeouts": null
          },
          "sensitive_attributes": [],
          "private": "eyJlMmJmYjczMC1lY2FhLTExZTYtOGY4OC0zNDM2M2JjN2M0YzAiOnsiY3JlYXRlIjoxODAwMDAwMDAwMDAwLCJkZWxldGUiOjE4MDAwMDAwMDAwMDAsInJlYWQiOjMwMDAwMDAwMDAwMCwidXBkYXRlIjoxODAwMDAwMDAwMDAwfX0=",
          "dependencies": [
            "module.landingzone_virtual_network.azurerm_network_security_group.NSGs",
            "module.landingzone_virtual_network.azurerm_resource_group.networking_rg",
            "module.landingzone_virtual_network.azurerm_subnet.Subnets",
            "module.landingzone_virtual_network.azurerm_virtual_network.landingzone_vnet"
          ]
        },
        {
          "index_key": "snet-fwdiag-prod-cac-az",
          "schema_version": 0,
          "attributes": {
            "id": "/subscriptions/773c2382-4ca2-4547-8889-14bd1d86df9d/resourceGroups/rg-prod-cac-vnet-hub/providers/Microsoft.Network/virtualNetworks/Vnet-prod-cac-az-hub/subnets/snet-fwdiag-prod-cac-az",
            "network_security_group_id": "/subscriptions/773c2382-4ca2-4547-8889-14bd1d86df9d/resourceGroups/rg-prod-cac-vnet-hub/providers/Microsoft.Network/networkSecurityGroups/NSG_snet-fwdiag-prod-cac-az",
            "subnet_id": "/subscriptions/773c2382-4ca2-4547-8889-14bd1d86df9d/resourceGroups/rg-prod-cac-vnet-hub/providers/Microsoft.Network/virtualNetworks/Vnet-prod-cac-az-hub/subnets/snet-fwdiag-prod-cac-az",
            "timeouts": null
          },
          "sensitive_attributes": [],
          "private": "eyJlMmJmYjczMC1lY2FhLTExZTYtOGY4OC0zNDM2M2JjN2M0YzAiOnsiY3JlYXRlIjoxODAwMDAwMDAwMDAwLCJkZWxldGUiOjE4MDAwMDAwMDAwMDAsInJlYWQiOjMwMDAwMDAwMDAwMCwidXBkYXRlIjoxODAwMDAwMDAwMDAwfX0=",
          "dependencies": [
            "module.landingzone_virtual_network.azurerm_network_security_group.NSGs",
            "module.landingzone_virtual_network.azurerm_resource_group.networking_rg",
            "module.landingzone_virtual_network.azurerm_subnet.Subnets",
            "module.landingzone_virtual_network.azurerm_virtual_network.landingzone_vnet"
          ]
        },
        {
          "index_key": "snet-fwmgm-prod-cac-az",
          "schema_version": 0,
          "attributes": {
            "id": "/subscriptions/773c2382-4ca2-4547-8889-14bd1d86df9d/resourceGroups/rg-prod-cac-vnet-hub/providers/Microsoft.Network/virtualNetworks/Vnet-prod-cac-az-hub/subnets/snet-fwmgm-prod-cac-az",
            "network_security_group_id": "/subscriptions/773c2382-4ca2-4547-8889-14bd1d86df9d/resourceGroups/rg-prod-cac-vnet-hub/providers/Microsoft.Network/networkSecurityGroups/NSG_snet-fwmgm-prod-cac-az",
            "subnet_id": "/subscriptions/773c2382-4ca2-4547-8889-14bd1d86df9d/resourceGroups/rg-prod-cac-vnet-hub/providers/Microsoft.Network/virtualNetworks/Vnet-prod-cac-az-hub/subnets/snet-fwmgm-prod-cac-az",
            "timeouts": null
          },
          "sensitive_attributes": [],
          "private": "eyJlMmJmYjczMC1lY2FhLTExZTYtOGY4OC0zNDM2M2JjN2M0YzAiOnsiY3JlYXRlIjoxODAwMDAwMDAwMDAwLCJkZWxldGUiOjE4MDAwMDAwMDAwMDAsInJlYWQiOjMwMDAwMDAwMDAwMCwidXBkYXRlIjoxODAwMDAwMDAwMDAwfX0=",
          "dependencies": [
            "module.landingzone_virtual_network.azurerm_network_security_group.NSGs",
            "module.landingzone_virtual_network.azurerm_resource_group.networking_rg",
            "module.landingzone_virtual_network.azurerm_subnet.Subnets",
            "module.landingzone_virtual_network.azurerm_virtual_network.landingzone_vnet"
          ]
        },
        {
          "index_key": "snet-fwpriv-prod-cac-az",
          "schema_version": 0,
          "attributes": {
            "id": "/subscriptions/773c2382-4ca2-4547-8889-14bd1d86df9d/resourceGroups/rg-prod-cac-vnet-hub/providers/Microsoft.Network/virtualNetworks/Vnet-prod-cac-az-hub/subnets/snet-fwpriv-prod-cac-az",
            "network_security_group_id": "/subscriptions/773c2382-4ca2-4547-8889-14bd1d86df9d/resourceGroups/rg-prod-cac-vnet-hub/providers/Microsoft.Network/networkSecurityGroups/NSG_snet-fwpriv-prod-cac-az",
            "subnet_id": "/subscriptions/773c2382-4ca2-4547-8889-14bd1d86df9d/resourceGroups/rg-prod-cac-vnet-hub/providers/Microsoft.Network/virtualNetworks/Vnet-prod-cac-az-hub/subnets/snet-fwpriv-prod-cac-az",
            "timeouts": null
          },
          "sensitive_attributes": [],
          "private": "eyJlMmJmYjczMC1lY2FhLTExZTYtOGY4OC0zNDM2M2JjN2M0YzAiOnsiY3JlYXRlIjoxODAwMDAwMDAwMDAwLCJkZWxldGUiOjE4MDAwMDAwMDAwMDAsInJlYWQiOjMwMDAwMDAwMDAwMCwidXBkYXRlIjoxODAwMDAwMDAwMDAwfX0=",
          "dependencies": [
            "module.landingzone_virtual_network.azurerm_network_security_group.NSGs",
            "module.landingzone_virtual_network.azurerm_resource_group.networking_rg",
            "module.landingzone_virtual_network.azurerm_subnet.Subnets",
            "module.landingzone_virtual_network.azurerm_virtual_network.landingzone_vnet"
          ]
        },
        {
          "index_key": "snet-fwpub-prod-cac-az",
          "schema_version": 0,
          "attributes": {
            "id": "/subscriptions/773c2382-4ca2-4547-8889-14bd1d86df9d/resourceGroups/rg-prod-cac-vnet-hub/providers/Microsoft.Network/virtualNetworks/Vnet-prod-cac-az-hub/subnets/snet-fwpub-prod-cac-az",
            "network_security_group_id": "/subscriptions/773c2382-4ca2-4547-8889-14bd1d86df9d/resourceGroups/rg-prod-cac-vnet-hub/providers/Microsoft.Network/networkSecurityGroups/NSG_snet-fwpub-prod-cac-az",
            "subnet_id": "/subscriptions/773c2382-4ca2-4547-8889-14bd1d86df9d/resourceGroups/rg-prod-cac-vnet-hub/providers/Microsoft.Network/virtualNetworks/Vnet-prod-cac-az-hub/subnets/snet-fwpub-prod-cac-az",
            "timeouts": null
          },
          "sensitive_attributes": [],
          "private": "eyJlMmJmYjczMC1lY2FhLTExZTYtOGY4OC0zNDM2M2JjN2M0YzAiOnsiY3JlYXRlIjoxODAwMDAwMDAwMDAwLCJkZWxldGUiOjE4MDAwMDAwMDAwMDAsInJlYWQiOjMwMDAwMDAwMDAwMCwidXBkYXRlIjoxODAwMDAwMDAwMDAwfX0=",
          "dependencies": [
            "module.landingzone_virtual_network.azurerm_network_security_group.NSGs",
            "module.landingzone_virtual_network.azurerm_resource_group.networking_rg",
            "module.landingzone_virtual_network.azurerm_subnet.Subnets",
            "module.landingzone_virtual_network.azurerm_virtual_network.landingzone_vnet"
          ]
        }
      ]
    },
    {
      "module": "module.landingzone_virtual_network",
      "mode": "managed",
      "type": "azurerm_virtual_network",
      "name": "landingzone_vnet",
      "provider": "provider[\"registry.terraform.io/hashicorp/azurerm\"]",
      "instances": [
        {
          "schema_version": 0,
          "attributes": {
            "address_space": [
              "172.21.0.0/21"
            ],
            "bgp_community": "",
            "ddos_protection_plan": [],
            "dns_servers": [
              "172.21.0.132",
              "172.21.0.133"
            ],
            "guid": "3383c914-3a81-4211-b608-4403341ce184",
            "id": "/subscriptions/773c2382-4ca2-4547-8889-14bd1d86df9d/resourceGroups/rg-prod-cac-vnet-hub/providers/Microsoft.Network/virtualNetworks/Vnet-prod-cac-az-hub",
            "location": "canadacentral",
            "name": "Vnet-prod-cac-az-hub",
            "resource_group_name": "rg-prod-cac-vnet-hub",
            "subnet": [],
            "tags": {
              "CostCenter": "None",
              "Department": "IT",
              "Enviroment": "Production"
            },
            "timeouts": null,
            "vm_protection_enabled": false
          },
          "sensitive_attributes": [],
          "private": "eyJlMmJmYjczMC1lY2FhLTExZTYtOGY4OC0zNDM2M2JjN2M0YzAiOnsiY3JlYXRlIjoxODAwMDAwMDAwMDAwLCJkZWxldGUiOjE4MDAwMDAwMDAwMDAsInJlYWQiOjMwMDAwMDAwMDAwMCwidXBkYXRlIjoxODAwMDAwMDAwMDAwfX0=",
          "dependencies": [
            "module.landingzone_virtual_network.azurerm_resource_group.networking_rg"
          ]
        }
      ]
    },
    {
      "module": "module.managementgroups",
      "mode": "managed",
      "type": "azurerm_management_group",
      "name": "mainmanagement_group",
      "provider": "provider[\"registry.terraform.io/hashicorp/azurerm\"]",
      "instances": [
        {
          "schema_version": 0,
          "attributes": {
            "display_name": "Cronos Group",
            "group_id": "e6bae335-39bc-449b-ba30-16d7e341986b",
            "id": "/providers/Microsoft.Management/managementGroups/e6bae335-39bc-449b-ba30-16d7e341986b",
            "name": "e6bae335-39bc-449b-ba30-16d7e341986b",
            "parent_management_group_id": "/providers/Microsoft.Management/managementGroups/5a86393a-60e9-4ac7-ae4d-e7a3494a1e27",
            "subscription_ids": [],
            "timeouts": null
          },
          "sensitive_attributes": [],
          "private": "eyJlMmJmYjczMC1lY2FhLTExZTYtOGY4OC0zNDM2M2JjN2M0YzAiOnsiY3JlYXRlIjoxODAwMDAwMDAwMDAwLCJkZWxldGUiOjE4MDAwMDAwMDAwMDAsInJlYWQiOjMwMDAwMDAwMDAwMCwidXBkYXRlIjoxODAwMDAwMDAwMDAwfX0="
        }
      ]
    },
    {
      "module": "module.managementgroups",
      "mode": "managed",
      "type": "azurerm_management_group",
      "name": "management_group1",
      "provider": "provider[\"registry.terraform.io/hashicorp/azurerm\"]",
      "instances": [
        {
          "schema_version": 0,
          "attributes": {
            "display_name": "Production",
            "group_id": "bccc83b3-ba35-45d7-a5f7-7de5ca481183",
            "id": "/providers/Microsoft.Management/managementGroups/bccc83b3-ba35-45d7-a5f7-7de5ca481183",
            "name": "bccc83b3-ba35-45d7-a5f7-7de5ca481183",
            "parent_management_group_id": "/providers/Microsoft.Management/managementGroups/e6bae335-39bc-449b-ba30-16d7e341986b",
            "subscription_ids": [
              "773c2382-4ca2-4547-8889-14bd1d86df9d"
            ],
            "timeouts": null
          },
          "sensitive_attributes": [],
          "private": "eyJlMmJmYjczMC1lY2FhLTExZTYtOGY4OC0zNDM2M2JjN2M0YzAiOnsiY3JlYXRlIjoxODAwMDAwMDAwMDAwLCJkZWxldGUiOjE4MDAwMDAwMDAwMDAsInJlYWQiOjMwMDAwMDAwMDAwMCwidXBkYXRlIjoxODAwMDAwMDAwMDAwfX0=",
          "dependencies": [
            "module.managementgroups.azurerm_management_group.mainmanagement_group"
          ]
        }
      ]
    }
  ],
  "check_results": []
}
